{
    "version": 3,
    "terraform_version": "0.11.10",
    "serial": 2,
    "lineage": "6f460bef-dbe3-469e-550f-cb3443cf41ff",
    "modules": [
        {
            "path": [
                "root"
            ],
            "outputs": {},
            "resources": {
                "aws_ami_copy.main": {
                    "type": "aws_ami_copy",
                    "depends_on": [
                        "local.tags"
                    ],
                    "primary": {
                        "id": "ami-024516609f5b57f01",
                        "attributes": {
                            "architecture": "x86_64",
                            "description": "OpenShift 4 410.8.20190520.0",
                            "ebs_block_device.#": "1",
                            "ebs_block_device.1198759618.delete_on_termination": "true",
                            "ebs_block_device.1198759618.device_name": "/dev/xvda",
                            "ebs_block_device.1198759618.encrypted": "true",
                            "ebs_block_device.1198759618.iops": "0",
                            "ebs_block_device.1198759618.snapshot_id": "snap-0a6403d6ac0e4804b",
                            "ebs_block_device.1198759618.volume_size": "16",
                            "ebs_block_device.1198759618.volume_type": "gp2",
                            "ena_support": "true",
                            "encrypted": "true",
                            "ephemeral_block_device.#": "1",
                            "ephemeral_block_device.3043895074.device_name": "/dev/xvdb",
                            "ephemeral_block_device.3043895074.virtual_name": "ephemeral0",
                            "id": "ami-024516609f5b57f01",
                            "image_location": "647924298166/cluster-343f-8fjkj-master",
                            "kernel_id": "",
                            "manage_ebs_snapshots": "true",
                            "name": "cluster-343f-8fjkj-master",
                            "ramdisk_id": "",
                            "root_device_name": "/dev/xvda",
                            "root_snapshot_id": "snap-0a6403d6ac0e4804b",
                            "source_ami_id": "ami-02fdd627029c0055b",
                            "source_ami_region": "eu-central-1",
                            "sriov_net_support": "simple",
                            "tags.%": "4",
                            "tags.Name": "cluster-343f-8fjkj-master",
                            "tags.kubernetes.io/cluster/cluster-343f-8fjkj": "owned",
                            "tags.sourceAMI": "ami-02fdd627029c0055b",
                            "tags.sourceRegion": "eu-central-1",
                            "virtualization_type": "hvm"
                        },
                        "meta": {
                            "e2bfb730-ecaa-11e6-8f88-34363bc7c4c0": {
                                "create": 2400000000000,
                                "delete": 5400000000000,
                                "update": 2400000000000
                            }
                        },
                        "tainted": false
                    },
                    "deposed": [],
                    "provider": "provider.aws"
                }
            },
            "depends_on": []
        },
        {
            "path": [
                "root",
                "bootstrap"
            ],
            "outputs": {},
            "resources": {},
            "depends_on": []
        },
        {
            "path": [
                "root",
                "dns"
            ],
            "outputs": {},
            "resources": {
                "aws_route53_record.api_external": {
                    "type": "aws_route53_record",
                    "depends_on": [
                        "data.aws_route53_zone.public"
                    ],
                    "primary": {
                        "id": "Z239N8B04Q7YKV_api.cluster-343f.sandbox1663.opentlc.com_A",
                        "attributes": {
                            "alias.#": "1",
                            "alias.2491346289.evaluate_target_health": "false",
                            "alias.2491346289.name": "cluster-343f-8fjkj-ext-bef13ddf7b1d0c4a.elb.eu-central-1.amazonaws.com",
                            "alias.2491346289.zone_id": "Z3F0SRJ5LGBH90",
                            "fqdn": "api.cluster-343f.sandbox1663.opentlc.com",
                            "id": "Z239N8B04Q7YKV_api.cluster-343f.sandbox1663.opentlc.com_A",
                            "name": "api.cluster-343f.sandbox1663.opentlc.com",
                            "type": "A",
                            "zone_id": "Z239N8B04Q7YKV"
                        },
                        "meta": {
                            "schema_version": "2"
                        },
                        "tainted": false
                    },
                    "deposed": [],
                    "provider": "provider.aws"
                },
                "aws_route53_record.api_external_internal_zone": {
                    "type": "aws_route53_record",
                    "depends_on": [
                        "aws_route53_zone.int"
                    ],
                    "primary": {
                        "id": "Z01435453GD85QXUCBVSC_api.cluster-343f.sandbox1663.opentlc.com_A",
                        "attributes": {
                            "alias.#": "1",
                            "alias.1222151205.evaluate_target_health": "false",
                            "alias.1222151205.name": "cluster-343f-8fjkj-int-67eb07d9cc5677b0.elb.eu-central-1.amazonaws.com",
                            "alias.1222151205.zone_id": "Z3F0SRJ5LGBH90",
                            "fqdn": "api.cluster-343f.sandbox1663.opentlc.com",
                            "id": "Z01435453GD85QXUCBVSC_api.cluster-343f.sandbox1663.opentlc.com_A",
                            "name": "api.cluster-343f.sandbox1663.opentlc.com",
                            "type": "A",
                            "zone_id": "Z01435453GD85QXUCBVSC"
                        },
                        "meta": {
                            "schema_version": "2"
                        },
                        "tainted": false
                    },
                    "deposed": [],
                    "provider": "provider.aws"
                },
                "aws_route53_record.api_internal": {
                    "type": "aws_route53_record",
                    "depends_on": [
                        "aws_route53_zone.int"
                    ],
                    "primary": {
                        "id": "Z01435453GD85QXUCBVSC_api-int.cluster-343f.sandbox1663.opentlc.com_A",
                        "attributes": {
                            "alias.#": "1",
                            "alias.1222151205.evaluate_target_health": "false",
                            "alias.1222151205.name": "cluster-343f-8fjkj-int-67eb07d9cc5677b0.elb.eu-central-1.amazonaws.com",
                            "alias.1222151205.zone_id": "Z3F0SRJ5LGBH90",
                            "fqdn": "api-int.cluster-343f.sandbox1663.opentlc.com",
                            "id": "Z01435453GD85QXUCBVSC_api-int.cluster-343f.sandbox1663.opentlc.com_A",
                            "name": "api-int.cluster-343f.sandbox1663.opentlc.com",
                            "type": "A",
                            "zone_id": "Z01435453GD85QXUCBVSC"
                        },
                        "meta": {
                            "schema_version": "2"
                        },
                        "tainted": false
                    },
                    "deposed": [],
                    "provider": "provider.aws"
                },
                "aws_route53_record.etcd_a_nodes.0": {
                    "type": "aws_route53_record",
                    "depends_on": [
                        "aws_route53_zone.int"
                    ],
                    "primary": {
                        "id": "Z01435453GD85QXUCBVSC_etcd-0.cluster-343f.sandbox1663.opentlc.com_A",
                        "attributes": {
                            "fqdn": "etcd-0.cluster-343f.sandbox1663.opentlc.com",
                            "id": "Z01435453GD85QXUCBVSC_etcd-0.cluster-343f.sandbox1663.opentlc.com_A",
                            "name": "etcd-0.cluster-343f.sandbox1663.opentlc.com",
                            "records.#": "1",
                            "records.1081576491": "10.0.128.121",
                            "ttl": "60",
                            "type": "A",
                            "zone_id": "Z01435453GD85QXUCBVSC"
                        },
                        "meta": {
                            "schema_version": "2"
                        },
                        "tainted": false
                    },
                    "deposed": [],
                    "provider": "provider.aws"
                },
                "aws_route53_record.etcd_a_nodes.1": {
                    "type": "aws_route53_record",
                    "depends_on": [
                        "aws_route53_zone.int"
                    ],
                    "primary": {
                        "id": "Z01435453GD85QXUCBVSC_etcd-1.cluster-343f.sandbox1663.opentlc.com_A",
                        "attributes": {
                            "fqdn": "etcd-1.cluster-343f.sandbox1663.opentlc.com",
                            "id": "Z01435453GD85QXUCBVSC_etcd-1.cluster-343f.sandbox1663.opentlc.com_A",
                            "name": "etcd-1.cluster-343f.sandbox1663.opentlc.com",
                            "records.#": "1",
                            "records.3974788389": "10.0.145.232",
                            "ttl": "60",
                            "type": "A",
                            "zone_id": "Z01435453GD85QXUCBVSC"
                        },
                        "meta": {
                            "schema_version": "2"
                        },
                        "tainted": false
                    },
                    "deposed": [],
                    "provider": "provider.aws"
                },
                "aws_route53_record.etcd_a_nodes.2": {
                    "type": "aws_route53_record",
                    "depends_on": [
                        "aws_route53_zone.int"
                    ],
                    "primary": {
                        "id": "Z01435453GD85QXUCBVSC_etcd-2.cluster-343f.sandbox1663.opentlc.com_A",
                        "attributes": {
                            "fqdn": "etcd-2.cluster-343f.sandbox1663.opentlc.com",
                            "id": "Z01435453GD85QXUCBVSC_etcd-2.cluster-343f.sandbox1663.opentlc.com_A",
                            "name": "etcd-2.cluster-343f.sandbox1663.opentlc.com",
                            "records.#": "1",
                            "records.4132559312": "10.0.174.240",
                            "ttl": "60",
                            "type": "A",
                            "zone_id": "Z01435453GD85QXUCBVSC"
                        },
                        "meta": {
                            "schema_version": "2"
                        },
                        "tainted": false
                    },
                    "deposed": [],
                    "provider": "provider.aws"
                },
                "aws_route53_record.etcd_cluster": {
                    "type": "aws_route53_record",
                    "depends_on": [
                        "aws_route53_record.etcd_a_nodes.*",
                        "aws_route53_zone.int"
                    ],
                    "primary": {
                        "id": "Z01435453GD85QXUCBVSC__etcd-server-ssl._tcp_SRV",
                        "attributes": {
                            "fqdn": "_etcd-server-ssl._tcp.cluster-343f.sandbox1663.opentlc.com",
                            "id": "Z01435453GD85QXUCBVSC__etcd-server-ssl._tcp_SRV",
                            "name": "_etcd-server-ssl._tcp",
                            "records.#": "3",
                            "records.1892149084": "0 10 2380 etcd-0.cluster-343f.sandbox1663.opentlc.com",
                            "records.2963741401": "0 10 2380 etcd-2.cluster-343f.sandbox1663.opentlc.com",
                            "records.4249819838": "0 10 2380 etcd-1.cluster-343f.sandbox1663.opentlc.com",
                            "ttl": "60",
                            "type": "SRV",
                            "zone_id": "Z01435453GD85QXUCBVSC"
                        },
                        "meta": {
                            "schema_version": "2"
                        },
                        "tainted": false
                    },
                    "deposed": [],
                    "provider": "provider.aws"
                },
                "aws_route53_zone.int": {
                    "type": "aws_route53_zone",
                    "depends_on": [
                        "aws_route53_record.api_external"
                    ],
                    "primary": {
                        "id": "Z01435453GD85QXUCBVSC",
                        "attributes": {
                            "comment": "Managed by Terraform",
                            "delegation_set_id": "",
                            "force_destroy": "true",
                            "id": "Z01435453GD85QXUCBVSC",
                            "name": "cluster-343f.sandbox1663.opentlc.com.",
                            "name_servers.#": "4",
                            "name_servers.0": "ns-0.awsdns-00.com.",
                            "name_servers.1": "ns-1024.awsdns-00.org.",
                            "name_servers.2": "ns-1536.awsdns-00.co.uk.",
                            "name_servers.3": "ns-512.awsdns-00.net.",
                            "tags.%": "2",
                            "tags.Name": "cluster-343f-8fjkj-int",
                            "tags.kubernetes.io/cluster/cluster-343f-8fjkj": "owned",
                            "vpc.#": "1",
                            "vpc.2421862088.vpc_id": "vpc-023f25ad0dd88d046",
                            "vpc.2421862088.vpc_region": "eu-central-1",
                            "zone_id": "Z01435453GD85QXUCBVSC"
                        },
                        "meta": {},
                        "tainted": false
                    },
                    "deposed": [],
                    "provider": "provider.aws"
                },
                "data.aws_route53_zone.public": {
                    "type": "aws_route53_zone",
                    "depends_on": [],
                    "primary": {
                        "id": "Z239N8B04Q7YKV",
                        "attributes": {
                            "caller_reference": "sandbox1663.opentlc.com.-1568286481.06",
                            "comment": "",
                            "id": "Z239N8B04Q7YKV",
                            "name": "sandbox1663.opentlc.com.",
                            "name_servers.#": "4",
                            "name_servers.0": "ns-389.awsdns-48.com",
                            "name_servers.1": "ns-1056.awsdns-04.org",
                            "name_servers.2": "ns-991.awsdns-59.net",
                            "name_servers.3": "ns-1883.awsdns-43.co.uk",
                            "private_zone": "false",
                            "resource_record_set_count": "3",
                            "zone_id": "Z239N8B04Q7YKV"
                        },
                        "meta": {},
                        "tainted": false
                    },
                    "deposed": [],
                    "provider": "provider.aws"
                }
            },
            "depends_on": []
        },
        {
            "path": [
                "root",
                "iam"
            ],
            "outputs": {},
            "resources": {
                "aws_iam_instance_profile.worker": {
                    "type": "aws_iam_instance_profile",
                    "depends_on": [
                        "aws_iam_role.worker_role"
                    ],
                    "primary": {
                        "id": "cluster-343f-8fjkj-worker-profile",
                        "attributes": {
                            "arn": "arn:aws:iam::647924298166:instance-profile/cluster-343f-8fjkj-worker-profile",
                            "create_date": "2019-12-09T10:56:14Z",
                            "id": "cluster-343f-8fjkj-worker-profile",
                            "name": "cluster-343f-8fjkj-worker-profile",
                            "path": "/",
                            "role": "cluster-343f-8fjkj-worker-role",
                            "roles.#": "0",
                            "unique_id": "AIPAZNW2MGG3BQRHE6G7Z"
                        },
                        "meta": {},
                        "tainted": false
                    },
                    "deposed": [],
                    "provider": "provider.aws"
                },
                "aws_iam_role.worker_role": {
                    "type": "aws_iam_role",
                    "depends_on": [],
                    "primary": {
                        "id": "cluster-343f-8fjkj-worker-role",
                        "attributes": {
                            "arn": "arn:aws:iam::647924298166:role/cluster-343f-8fjkj-worker-role",
                            "assume_role_policy": "{\"Version\":\"2012-10-17\",\"Statement\":[{\"Sid\":\"\",\"Effect\":\"Allow\",\"Principal\":{\"Service\":\"ec2.amazonaws.com\"},\"Action\":\"sts:AssumeRole\"}]}",
                            "create_date": "2019-12-09T10:56:14Z",
                            "description": "",
                            "force_detach_policies": "false",
                            "id": "cluster-343f-8fjkj-worker-role",
                            "max_session_duration": "3600",
                            "name": "cluster-343f-8fjkj-worker-role",
                            "path": "/",
                            "tags.%": "2",
                            "tags.Name": "cluster-343f-8fjkj-worker-role",
                            "tags.kubernetes.io/cluster/cluster-343f-8fjkj": "owned",
                            "unique_id": "AROAZNW2MGG3LSMGPDJSI"
                        },
                        "meta": {},
                        "tainted": false
                    },
                    "deposed": [],
                    "provider": "provider.aws"
                },
                "aws_iam_role_policy.worker_policy": {
                    "type": "aws_iam_role_policy",
                    "depends_on": [
                        "aws_iam_role.worker_role"
                    ],
                    "primary": {
                        "id": "cluster-343f-8fjkj-worker-role:cluster-343f-8fjkj-worker-policy",
                        "attributes": {
                            "id": "cluster-343f-8fjkj-worker-role:cluster-343f-8fjkj-worker-policy",
                            "name": "cluster-343f-8fjkj-worker-policy",
                            "policy": "{\n  \"Version\": \"2012-10-17\",\n  \"Statement\": [\n    {\n      \"Effect\": \"Allow\",\n      \"Action\": \"ec2:Describe*\",\n      \"Resource\": \"*\"\n    }\n  ]\n}\n",
                            "role": "cluster-343f-8fjkj-worker-role"
                        },
                        "meta": {},
                        "tainted": false
                    },
                    "deposed": [],
                    "provider": "provider.aws"
                }
            },
            "depends_on": []
        },
        {
            "path": [
                "root",
                "masters"
            ],
            "outputs": {
                "ip_addresses": {
                    "sensitive": false,
                    "type": "list",
                    "value": [
                        [
                            "10.0.128.121"
                        ],
                        [
                            "10.0.145.232"
                        ],
                        [
                            "10.0.174.240"
                        ]
                    ]
                }
            },
            "resources": {
                "aws_iam_instance_profile.master": {
                    "type": "aws_iam_instance_profile",
                    "depends_on": [
                        "aws_iam_role.master_role"
                    ],
                    "primary": {
                        "id": "cluster-343f-8fjkj-master-profile",
                        "attributes": {
                            "arn": "arn:aws:iam::647924298166:instance-profile/cluster-343f-8fjkj-master-profile",
                            "create_date": "2019-12-09T10:56:14Z",
                            "id": "cluster-343f-8fjkj-master-profile",
                            "name": "cluster-343f-8fjkj-master-profile",
                            "path": "/",
                            "role": "cluster-343f-8fjkj-master-role",
                            "roles.#": "0",
                            "unique_id": "AIPAZNW2MGG3EIXNKBTNJ"
                        },
                        "meta": {},
                        "tainted": false
                    },
                    "deposed": [],
                    "provider": "provider.aws"
                },
                "aws_iam_role.master_role": {
                    "type": "aws_iam_role",
                    "depends_on": [],
                    "primary": {
                        "id": "cluster-343f-8fjkj-master-role",
                        "attributes": {
                            "arn": "arn:aws:iam::647924298166:role/cluster-343f-8fjkj-master-role",
                            "assume_role_policy": "{\"Version\":\"2012-10-17\",\"Statement\":[{\"Sid\":\"\",\"Effect\":\"Allow\",\"Principal\":{\"Service\":\"ec2.amazonaws.com\"},\"Action\":\"sts:AssumeRole\"}]}",
                            "create_date": "2019-12-09T10:56:14Z",
                            "description": "",
                            "force_detach_policies": "false",
                            "id": "cluster-343f-8fjkj-master-role",
                            "max_session_duration": "3600",
                            "name": "cluster-343f-8fjkj-master-role",
                            "path": "/",
                            "tags.%": "2",
                            "tags.Name": "cluster-343f-8fjkj-master-role",
                            "tags.kubernetes.io/cluster/cluster-343f-8fjkj": "owned",
                            "unique_id": "AROAZNW2MGG3MAZ33YZ5C"
                        },
                        "meta": {},
                        "tainted": false
                    },
                    "deposed": [],
                    "provider": "provider.aws"
                },
                "aws_iam_role_policy.master_policy": {
                    "type": "aws_iam_role_policy",
                    "depends_on": [
                        "aws_iam_role.master_role",
                        "local.arn"
                    ],
                    "primary": {
                        "id": "cluster-343f-8fjkj-master-role:cluster-343f-8fjkj-master-policy",
                        "attributes": {
                            "id": "cluster-343f-8fjkj-master-role:cluster-343f-8fjkj-master-policy",
                            "name": "cluster-343f-8fjkj-master-policy",
                            "policy": "{\n  \"Version\": \"2012-10-17\",\n  \"Statement\": [\n    {\n      \"Action\": \"ec2:*\",\n      \"Resource\": \"*\",\n      \"Effect\": \"Allow\"\n    },\n    {\n      \"Action\": \"iam:PassRole\",\n      \"Resource\": \"*\",\n      \"Effect\": \"Allow\"\n    },\n    {\n      \"Action\" : [\n        \"s3:GetObject\"\n      ],\n      \"Resource\": \"arn:aws:s3:::*\",\n      \"Effect\": \"Allow\"\n    },\n    {\n      \"Action\": \"elasticloadbalancing:*\",\n      \"Resource\": \"*\",\n      \"Effect\": \"Allow\"\n    }\n  ]\n}\n",
                            "role": "cluster-343f-8fjkj-master-role"
                        },
                        "meta": {},
                        "tainted": false
                    },
                    "deposed": [],
                    "provider": "provider.aws"
                },
                "aws_instance.master.0": {
                    "type": "aws_instance",
                    "depends_on": [
                        "aws_iam_instance_profile.master",
                        "aws_network_interface.master.*"
                    ],
                    "primary": {
                        "id": "i-0db316763e0f314bd",
                        "attributes": {
                            "ami": "ami-024516609f5b57f01",
                            "arn": "arn:aws:ec2:eu-central-1:647924298166:instance/i-0db316763e0f314bd",
                            "associate_public_ip_address": "false",
                            "availability_zone": "eu-central-1a",
                            "cpu_core_count": "2",
                            "cpu_threads_per_core": "2",
                            "credit_specification.#": "1",
                            "credit_specification.0.cpu_credits": "standard",
                            "disable_api_termination": "false",
                            "ebs_block_device.#": "0",
                            "ebs_optimized": "false",
                            "ephemeral_block_device.#": "0",
                            "get_password_data": "false",
                            "iam_instance_profile": "cluster-343f-8fjkj-master-profile",
                            "id": "i-0db316763e0f314bd",
                            "instance_state": "running",
                            "instance_type": "m4.xlarge",
                            "ipv6_addresses.#": "0",
                            "key_name": "",
                            "monitoring": "false",
                            "network_interface.#": "1",
                            "network_interface.1493329706.delete_on_termination": "false",
                            "network_interface.1493329706.device_index": "0",
                            "network_interface.1493329706.network_interface_id": "eni-05945e5f66f2fde2a",
                            "password_data": "",
                            "placement_group": "",
                            "primary_network_interface_id": "eni-05945e5f66f2fde2a",
                            "private_dns": "ip-10-0-128-121.eu-central-1.compute.internal",
                            "private_ip": "10.0.128.121",
                            "public_dns": "",
                            "public_ip": "",
                            "root_block_device.#": "1",
                            "root_block_device.0.delete_on_termination": "true",
                            "root_block_device.0.iops": "360",
                            "root_block_device.0.volume_id": "vol-0c47417990b1a0c0e",
                            "root_block_device.0.volume_size": "120",
                            "root_block_device.0.volume_type": "gp2",
                            "security_groups.#": "0",
                            "source_dest_check": "true",
                            "subnet_id": "subnet-0383dfe61b3bc1505",
                            "tags.%": "2",
                            "tags.Name": "cluster-343f-8fjkj-master-0",
                            "tags.kubernetes.io/cluster/cluster-343f-8fjkj": "owned",
                            "tenancy": "default",
                            "user_data": "54759e44ee771a8c2923334927aa041472660633",
                            "volume_tags.%": "2",
                            "volume_tags.Name": "cluster-343f-8fjkj-master-0-vol",
                            "volume_tags.kubernetes.io/cluster/cluster-343f-8fjkj": "owned",
                            "vpc_security_group_ids.#": "1",
                            "vpc_security_group_ids.4019866031": "sg-0738eb86e0e0b2705"
                        },
                        "meta": {
                            "e2bfb730-ecaa-11e6-8f88-34363bc7c4c0": {
                                "create": 600000000000,
                                "delete": 1200000000000,
                                "update": 600000000000
                            },
                            "schema_version": "1"
                        },
                        "tainted": false
                    },
                    "deposed": [],
                    "provider": "provider.aws"
                },
                "aws_instance.master.1": {
                    "type": "aws_instance",
                    "depends_on": [
                        "aws_iam_instance_profile.master",
                        "aws_network_interface.master.*"
                    ],
                    "primary": {
                        "id": "i-0b98d09f2591ba1dc",
                        "attributes": {
                            "ami": "ami-024516609f5b57f01",
                            "arn": "arn:aws:ec2:eu-central-1:647924298166:instance/i-0b98d09f2591ba1dc",
                            "associate_public_ip_address": "false",
                            "availability_zone": "eu-central-1b",
                            "cpu_core_count": "2",
                            "cpu_threads_per_core": "2",
                            "credit_specification.#": "1",
                            "credit_specification.0.cpu_credits": "standard",
                            "disable_api_termination": "false",
                            "ebs_block_device.#": "0",
                            "ebs_optimized": "false",
                            "ephemeral_block_device.#": "0",
                            "get_password_data": "false",
                            "iam_instance_profile": "cluster-343f-8fjkj-master-profile",
                            "id": "i-0b98d09f2591ba1dc",
                            "instance_state": "running",
                            "instance_type": "m4.xlarge",
                            "ipv6_addresses.#": "0",
                            "key_name": "",
                            "monitoring": "false",
                            "network_interface.#": "1",
                            "network_interface.2441043485.delete_on_termination": "false",
                            "network_interface.2441043485.device_index": "0",
                            "network_interface.2441043485.network_interface_id": "eni-03048b49b2c47f85f",
                            "password_data": "",
                            "placement_group": "",
                            "primary_network_interface_id": "eni-03048b49b2c47f85f",
                            "private_dns": "ip-10-0-145-232.eu-central-1.compute.internal",
                            "private_ip": "10.0.145.232",
                            "public_dns": "",
                            "public_ip": "",
                            "root_block_device.#": "1",
                            "root_block_device.0.delete_on_termination": "true",
                            "root_block_device.0.iops": "360",
                            "root_block_device.0.volume_id": "vol-0f94af6aab3eb2ead",
                            "root_block_device.0.volume_size": "120",
                            "root_block_device.0.volume_type": "gp2",
                            "security_groups.#": "0",
                            "source_dest_check": "true",
                            "subnet_id": "subnet-045e1076b27031740",
                            "tags.%": "2",
                            "tags.Name": "cluster-343f-8fjkj-master-1",
                            "tags.kubernetes.io/cluster/cluster-343f-8fjkj": "owned",
                            "tenancy": "default",
                            "user_data": "54759e44ee771a8c2923334927aa041472660633",
                            "volume_tags.%": "2",
                            "volume_tags.Name": "cluster-343f-8fjkj-master-1-vol",
                            "volume_tags.kubernetes.io/cluster/cluster-343f-8fjkj": "owned",
                            "vpc_security_group_ids.#": "1",
                            "vpc_security_group_ids.4019866031": "sg-0738eb86e0e0b2705"
                        },
                        "meta": {
                            "e2bfb730-ecaa-11e6-8f88-34363bc7c4c0": {
                                "create": 600000000000,
                                "delete": 1200000000000,
                                "update": 600000000000
                            },
                            "schema_version": "1"
                        },
                        "tainted": false
                    },
                    "deposed": [],
                    "provider": "provider.aws"
                },
                "aws_instance.master.2": {
                    "type": "aws_instance",
                    "depends_on": [
                        "aws_iam_instance_profile.master",
                        "aws_network_interface.master.*"
                    ],
                    "primary": {
                        "id": "i-08c0aba474fc8538c",
                        "attributes": {
                            "ami": "ami-024516609f5b57f01",
                            "arn": "arn:aws:ec2:eu-central-1:647924298166:instance/i-08c0aba474fc8538c",
                            "associate_public_ip_address": "false",
                            "availability_zone": "eu-central-1c",
                            "cpu_core_count": "2",
                            "cpu_threads_per_core": "2",
                            "credit_specification.#": "1",
                            "credit_specification.0.cpu_credits": "standard",
                            "disable_api_termination": "false",
                            "ebs_block_device.#": "0",
                            "ebs_optimized": "false",
                            "ephemeral_block_device.#": "0",
                            "get_password_data": "false",
                            "iam_instance_profile": "cluster-343f-8fjkj-master-profile",
                            "id": "i-08c0aba474fc8538c",
                            "instance_state": "running",
                            "instance_type": "m4.xlarge",
                            "ipv6_addresses.#": "0",
                            "key_name": "",
                            "monitoring": "false",
                            "network_interface.#": "1",
                            "network_interface.2782529769.delete_on_termination": "false",
                            "network_interface.2782529769.device_index": "0",
                            "network_interface.2782529769.network_interface_id": "eni-0f2f009241a1911b1",
                            "password_data": "",
                            "placement_group": "",
                            "primary_network_interface_id": "eni-0f2f009241a1911b1",
                            "private_dns": "ip-10-0-174-240.eu-central-1.compute.internal",
                            "private_ip": "10.0.174.240",
                            "public_dns": "",
                            "public_ip": "",
                            "root_block_device.#": "1",
                            "root_block_device.0.delete_on_termination": "true",
                            "root_block_device.0.iops": "360",
                            "root_block_device.0.volume_id": "vol-09d278a18a54a272c",
                            "root_block_device.0.volume_size": "120",
                            "root_block_device.0.volume_type": "gp2",
                            "security_groups.#": "0",
                            "source_dest_check": "true",
                            "subnet_id": "subnet-01a5515975c49918d",
                            "tags.%": "2",
                            "tags.Name": "cluster-343f-8fjkj-master-2",
                            "tags.kubernetes.io/cluster/cluster-343f-8fjkj": "owned",
                            "tenancy": "default",
                            "user_data": "54759e44ee771a8c2923334927aa041472660633",
                            "volume_tags.%": "2",
                            "volume_tags.Name": "cluster-343f-8fjkj-master-2-vol",
                            "volume_tags.kubernetes.io/cluster/cluster-343f-8fjkj": "owned",
                            "vpc_security_group_ids.#": "1",
                            "vpc_security_group_ids.4019866031": "sg-0738eb86e0e0b2705"
                        },
                        "meta": {
                            "e2bfb730-ecaa-11e6-8f88-34363bc7c4c0": {
                                "create": 600000000000,
                                "delete": 1200000000000,
                                "update": 600000000000
                            },
                            "schema_version": "1"
                        },
                        "tainted": false
                    },
                    "deposed": [],
                    "provider": "provider.aws"
                },
                "aws_lb_target_group_attachment.master.0": {
                    "type": "aws_lb_target_group_attachment",
                    "depends_on": [
                        "aws_instance.master.*"
                    ],
                    "primary": {
                        "id": "arn:aws:elasticloadbalancing:eu-central-1:647924298166:targetgroup/cluster-343f-8fjkj-aint/7e3a703bd5d5c404-2019120911015628890000000c",
                        "attributes": {
                            "id": "arn:aws:elasticloadbalancing:eu-central-1:647924298166:targetgroup/cluster-343f-8fjkj-aint/7e3a703bd5d5c404-2019120911015628890000000c",
                            "target_group_arn": "arn:aws:elasticloadbalancing:eu-central-1:647924298166:targetgroup/cluster-343f-8fjkj-aint/7e3a703bd5d5c404",
                            "target_id": "10.0.128.121"
                        },
                        "meta": {},
                        "tainted": false
                    },
                    "deposed": [],
                    "provider": "provider.aws"
                },
                "aws_lb_target_group_attachment.master.1": {
                    "type": "aws_lb_target_group_attachment",
                    "depends_on": [
                        "aws_instance.master.*"
                    ],
                    "primary": {
                        "id": "arn:aws:elasticloadbalancing:eu-central-1:647924298166:targetgroup/cluster-343f-8fjkj-sint/8e7f5b346fe7f3a3-2019120911015623370000000a",
                        "attributes": {
                            "id": "arn:aws:elasticloadbalancing:eu-central-1:647924298166:targetgroup/cluster-343f-8fjkj-sint/8e7f5b346fe7f3a3-2019120911015623370000000a",
                            "target_group_arn": "arn:aws:elasticloadbalancing:eu-central-1:647924298166:targetgroup/cluster-343f-8fjkj-sint/8e7f5b346fe7f3a3",
                            "target_id": "10.0.128.121"
                        },
                        "meta": {},
                        "tainted": false
                    },
                    "deposed": [],
                    "provider": "provider.aws"
                },
                "aws_lb_target_group_attachment.master.2": {
                    "type": "aws_lb_target_group_attachment",
                    "depends_on": [
                        "aws_instance.master.*"
                    ],
                    "primary": {
                        "id": "arn:aws:elasticloadbalancing:eu-central-1:647924298166:targetgroup/cluster-343f-8fjkj-aext/0af72e0a58c790c3-2019120911015656840000000f",
                        "attributes": {
                            "id": "arn:aws:elasticloadbalancing:eu-central-1:647924298166:targetgroup/cluster-343f-8fjkj-aext/0af72e0a58c790c3-2019120911015656840000000f",
                            "target_group_arn": "arn:aws:elasticloadbalancing:eu-central-1:647924298166:targetgroup/cluster-343f-8fjkj-aext/0af72e0a58c790c3",
                            "target_id": "10.0.128.121"
                        },
                        "meta": {},
                        "tainted": false
                    },
                    "deposed": [],
                    "provider": "provider.aws"
                },
                "aws_lb_target_group_attachment.master.3": {
                    "type": "aws_lb_target_group_attachment",
                    "depends_on": [
                        "aws_instance.master.*"
                    ],
                    "primary": {
                        "id": "arn:aws:elasticloadbalancing:eu-central-1:647924298166:targetgroup/cluster-343f-8fjkj-aint/7e3a703bd5d5c404-2019120911015637000000000e",
                        "attributes": {
                            "id": "arn:aws:elasticloadbalancing:eu-central-1:647924298166:targetgroup/cluster-343f-8fjkj-aint/7e3a703bd5d5c404-2019120911015637000000000e",
                            "target_group_arn": "arn:aws:elasticloadbalancing:eu-central-1:647924298166:targetgroup/cluster-343f-8fjkj-aint/7e3a703bd5d5c404",
                            "target_id": "10.0.145.232"
                        },
                        "meta": {},
                        "tainted": false
                    },
                    "deposed": [],
                    "provider": "provider.aws"
                },
                "aws_lb_target_group_attachment.master.4": {
                    "type": "aws_lb_target_group_attachment",
                    "depends_on": [
                        "aws_instance.master.*"
                    ],
                    "primary": {
                        "id": "arn:aws:elasticloadbalancing:eu-central-1:647924298166:targetgroup/cluster-343f-8fjkj-sint/8e7f5b346fe7f3a3-20191209110157508700000010",
                        "attributes": {
                            "id": "arn:aws:elasticloadbalancing:eu-central-1:647924298166:targetgroup/cluster-343f-8fjkj-sint/8e7f5b346fe7f3a3-20191209110157508700000010",
                            "target_group_arn": "arn:aws:elasticloadbalancing:eu-central-1:647924298166:targetgroup/cluster-343f-8fjkj-sint/8e7f5b346fe7f3a3",
                            "target_id": "10.0.145.232"
                        },
                        "meta": {},
                        "tainted": false
                    },
                    "deposed": [],
                    "provider": "provider.aws"
                },
                "aws_lb_target_group_attachment.master.5": {
                    "type": "aws_lb_target_group_attachment",
                    "depends_on": [
                        "aws_instance.master.*"
                    ],
                    "primary": {
                        "id": "arn:aws:elasticloadbalancing:eu-central-1:647924298166:targetgroup/cluster-343f-8fjkj-aext/0af72e0a58c790c3-20191209110156005000000009",
                        "attributes": {
                            "id": "arn:aws:elasticloadbalancing:eu-central-1:647924298166:targetgroup/cluster-343f-8fjkj-aext/0af72e0a58c790c3-20191209110156005000000009",
                            "target_group_arn": "arn:aws:elasticloadbalancing:eu-central-1:647924298166:targetgroup/cluster-343f-8fjkj-aext/0af72e0a58c790c3",
                            "target_id": "10.0.145.232"
                        },
                        "meta": {},
                        "tainted": false
                    },
                    "deposed": [],
                    "provider": "provider.aws"
                },
                "aws_lb_target_group_attachment.master.6": {
                    "type": "aws_lb_target_group_attachment",
                    "depends_on": [
                        "aws_instance.master.*"
                    ],
                    "primary": {
                        "id": "arn:aws:elasticloadbalancing:eu-central-1:647924298166:targetgroup/cluster-343f-8fjkj-aint/7e3a703bd5d5c404-20191209110157958700000011",
                        "attributes": {
                            "id": "arn:aws:elasticloadbalancing:eu-central-1:647924298166:targetgroup/cluster-343f-8fjkj-aint/7e3a703bd5d5c404-20191209110157958700000011",
                            "target_group_arn": "arn:aws:elasticloadbalancing:eu-central-1:647924298166:targetgroup/cluster-343f-8fjkj-aint/7e3a703bd5d5c404",
                            "target_id": "10.0.174.240"
                        },
                        "meta": {},
                        "tainted": false
                    },
                    "deposed": [],
                    "provider": "provider.aws"
                },
                "aws_lb_target_group_attachment.master.7": {
                    "type": "aws_lb_target_group_attachment",
                    "depends_on": [
                        "aws_instance.master.*"
                    ],
                    "primary": {
                        "id": "arn:aws:elasticloadbalancing:eu-central-1:647924298166:targetgroup/cluster-343f-8fjkj-sint/8e7f5b346fe7f3a3-2019120911015633160000000d",
                        "attributes": {
                            "id": "arn:aws:elasticloadbalancing:eu-central-1:647924298166:targetgroup/cluster-343f-8fjkj-sint/8e7f5b346fe7f3a3-2019120911015633160000000d",
                            "target_group_arn": "arn:aws:elasticloadbalancing:eu-central-1:647924298166:targetgroup/cluster-343f-8fjkj-sint/8e7f5b346fe7f3a3",
                            "target_id": "10.0.174.240"
                        },
                        "meta": {},
                        "tainted": false
                    },
                    "deposed": [],
                    "provider": "provider.aws"
                },
                "aws_lb_target_group_attachment.master.8": {
                    "type": "aws_lb_target_group_attachment",
                    "depends_on": [
                        "aws_instance.master.*"
                    ],
                    "primary": {
                        "id": "arn:aws:elasticloadbalancing:eu-central-1:647924298166:targetgroup/cluster-343f-8fjkj-aext/0af72e0a58c790c3-2019120911015623950000000b",
                        "attributes": {
                            "id": "arn:aws:elasticloadbalancing:eu-central-1:647924298166:targetgroup/cluster-343f-8fjkj-aext/0af72e0a58c790c3-2019120911015623950000000b",
                            "target_group_arn": "arn:aws:elasticloadbalancing:eu-central-1:647924298166:targetgroup/cluster-343f-8fjkj-aext/0af72e0a58c790c3",
                            "target_id": "10.0.174.240"
                        },
                        "meta": {},
                        "tainted": false
                    },
                    "deposed": [],
                    "provider": "provider.aws"
                },
                "aws_network_interface.master.0": {
                    "type": "aws_network_interface",
                    "depends_on": [],
                    "primary": {
                        "id": "eni-05945e5f66f2fde2a",
                        "attributes": {
                            "attachment.#": "0",
                            "description": "",
                            "id": "eni-05945e5f66f2fde2a",
                            "private_dns_name": "ip-10-0-128-121.eu-central-1.compute.internal",
                            "private_ip": "10.0.128.121",
                            "private_ips.#": "1",
                            "private_ips.1081576491": "10.0.128.121",
                            "security_groups.#": "1",
                            "security_groups.4019866031": "sg-0738eb86e0e0b2705",
                            "source_dest_check": "true",
                            "subnet_id": "subnet-0383dfe61b3bc1505",
                            "tags.%": "2",
                            "tags.Name": "cluster-343f-8fjkj-master-0",
                            "tags.kubernetes.io/cluster/cluster-343f-8fjkj": "owned"
                        },
                        "meta": {},
                        "tainted": false
                    },
                    "deposed": [],
                    "provider": "provider.aws"
                },
                "aws_network_interface.master.1": {
                    "type": "aws_network_interface",
                    "depends_on": [],
                    "primary": {
                        "id": "eni-03048b49b2c47f85f",
                        "attributes": {
                            "attachment.#": "0",
                            "description": "",
                            "id": "eni-03048b49b2c47f85f",
                            "private_dns_name": "ip-10-0-145-232.eu-central-1.compute.internal",
                            "private_ip": "10.0.145.232",
                            "private_ips.#": "1",
                            "private_ips.3974788389": "10.0.145.232",
                            "security_groups.#": "1",
                            "security_groups.4019866031": "sg-0738eb86e0e0b2705",
                            "source_dest_check": "true",
                            "subnet_id": "subnet-045e1076b27031740",
                            "tags.%": "2",
                            "tags.Name": "cluster-343f-8fjkj-master-1",
                            "tags.kubernetes.io/cluster/cluster-343f-8fjkj": "owned"
                        },
                        "meta": {},
                        "tainted": false
                    },
                    "deposed": [],
                    "provider": "provider.aws"
                },
                "aws_network_interface.master.2": {
                    "type": "aws_network_interface",
                    "depends_on": [],
                    "primary": {
                        "id": "eni-0f2f009241a1911b1",
                        "attributes": {
                            "attachment.#": "0",
                            "description": "",
                            "id": "eni-0f2f009241a1911b1",
                            "private_dns_name": "ip-10-0-174-240.eu-central-1.compute.internal",
                            "private_ip": "10.0.174.240",
                            "private_ips.#": "1",
                            "private_ips.4132559312": "10.0.174.240",
                            "security_groups.#": "1",
                            "security_groups.4019866031": "sg-0738eb86e0e0b2705",
                            "source_dest_check": "true",
                            "subnet_id": "subnet-01a5515975c49918d",
                            "tags.%": "2",
                            "tags.Name": "cluster-343f-8fjkj-master-2",
                            "tags.kubernetes.io/cluster/cluster-343f-8fjkj": "owned"
                        },
                        "meta": {},
                        "tainted": false
                    },
                    "deposed": [],
                    "provider": "provider.aws"
                }
            },
            "depends_on": []
        },
        {
            "path": [
                "root",
                "vpc"
            ],
            "outputs": {
                "aws_lb_api_external_dns_name": {
                    "sensitive": false,
                    "type": "string",
                    "value": "cluster-343f-8fjkj-ext-bef13ddf7b1d0c4a.elb.eu-central-1.amazonaws.com"
                },
                "aws_lb_api_external_zone_id": {
                    "sensitive": false,
                    "type": "string",
                    "value": "Z3F0SRJ5LGBH90"
                },
                "aws_lb_api_internal_dns_name": {
                    "sensitive": false,
                    "type": "string",
                    "value": "cluster-343f-8fjkj-int-67eb07d9cc5677b0.elb.eu-central-1.amazonaws.com"
                },
                "aws_lb_api_internal_zone_id": {
                    "sensitive": false,
                    "type": "string",
                    "value": "Z3F0SRJ5LGBH90"
                },
                "aws_lb_target_group_arns": {
                    "sensitive": false,
                    "type": "list",
                    "value": [
                        "arn:aws:elasticloadbalancing:eu-central-1:647924298166:targetgroup/cluster-343f-8fjkj-aint/7e3a703bd5d5c404",
                        "arn:aws:elasticloadbalancing:eu-central-1:647924298166:targetgroup/cluster-343f-8fjkj-sint/8e7f5b346fe7f3a3",
                        "arn:aws:elasticloadbalancing:eu-central-1:647924298166:targetgroup/cluster-343f-8fjkj-aext/0af72e0a58c790c3"
                    ]
                },
                "aws_lb_target_group_arns_length": {
                    "sensitive": false,
                    "type": "string",
                    "value": "3"
                },
                "az_to_private_subnet_id": {
                    "sensitive": false,
                    "type": "map",
                    "value": {
                        "eu-central-1a": "subnet-0383dfe61b3bc1505",
                        "eu-central-1b": "subnet-045e1076b27031740",
                        "eu-central-1c": "subnet-01a5515975c49918d"
                    }
                },
                "az_to_public_subnet_id": {
                    "sensitive": false,
                    "type": "map",
                    "value": {
                        "eu-central-1a": "subnet-0c3b7643b1b5ed957",
                        "eu-central-1b": "subnet-0e399063aad288753",
                        "eu-central-1c": "subnet-02e01ebfefe1373c2"
                    }
                },
                "master_sg_id": {
                    "sensitive": false,
                    "type": "string",
                    "value": "sg-0738eb86e0e0b2705"
                },
                "private_subnet_ids": {
                    "sensitive": false,
                    "type": "list",
                    "value": [
                        "subnet-0383dfe61b3bc1505",
                        "subnet-045e1076b27031740",
                        "subnet-01a5515975c49918d"
                    ]
                },
                "public_subnet_ids": {
                    "sensitive": false,
                    "type": "list",
                    "value": [
                        "subnet-0c3b7643b1b5ed957",
                        "subnet-0e399063aad288753",
                        "subnet-02e01ebfefe1373c2"
                    ]
                },
                "vpc_id": {
                    "sensitive": false,
                    "type": "string",
                    "value": "vpc-023f25ad0dd88d046"
                },
                "worker_sg_id": {
                    "sensitive": false,
                    "type": "string",
                    "value": "sg-019ddbcbe6737660c"
                }
            },
            "resources": {
                "aws_eip.nat_eip.0": {
                    "type": "aws_eip",
                    "depends_on": [
                        "aws_internet_gateway.igw",
                        "local.new_az_count"
                    ],
                    "primary": {
                        "id": "eipalloc-050f36ef64d197b1c",
                        "attributes": {
                            "association_id": "",
                            "domain": "vpc",
                            "id": "eipalloc-050f36ef64d197b1c",
                            "instance": "",
                            "network_interface": "",
                            "private_ip": "",
                            "public_dns": "ec2-18-184-247-116.eu-central-1.compute.amazonaws.com",
                            "public_ip": "18.184.247.116",
                            "public_ipv4_pool": "amazon",
                            "tags.%": "2",
                            "tags.Name": "cluster-343f-8fjkj-eip-eu-central-1a",
                            "tags.kubernetes.io/cluster/cluster-343f-8fjkj": "owned",
                            "vpc": "true"
                        },
                        "meta": {
                            "e2bfb730-ecaa-11e6-8f88-34363bc7c4c0": {
                                "delete": 180000000000,
                                "read": 900000000000,
                                "update": 300000000000
                            }
                        },
                        "tainted": false
                    },
                    "deposed": [],
                    "provider": "provider.aws"
                },
                "aws_eip.nat_eip.1": {
                    "type": "aws_eip",
                    "depends_on": [
                        "aws_internet_gateway.igw",
                        "local.new_az_count"
                    ],
                    "primary": {
                        "id": "eipalloc-024f838ccbd965db4",
                        "attributes": {
                            "association_id": "",
                            "domain": "vpc",
                            "id": "eipalloc-024f838ccbd965db4",
                            "instance": "",
                            "network_interface": "",
                            "private_ip": "",
                            "public_dns": "ec2-3-123-45-125.eu-central-1.compute.amazonaws.com",
                            "public_ip": "3.123.45.125",
                            "public_ipv4_pool": "amazon",
                            "tags.%": "2",
                            "tags.Name": "cluster-343f-8fjkj-eip-eu-central-1b",
                            "tags.kubernetes.io/cluster/cluster-343f-8fjkj": "owned",
                            "vpc": "true"
                        },
                        "meta": {
                            "e2bfb730-ecaa-11e6-8f88-34363bc7c4c0": {
                                "delete": 180000000000,
                                "read": 900000000000,
                                "update": 300000000000
                            }
                        },
                        "tainted": false
                    },
                    "deposed": [],
                    "provider": "provider.aws"
                },
                "aws_eip.nat_eip.2": {
                    "type": "aws_eip",
                    "depends_on": [
                        "aws_internet_gateway.igw",
                        "local.new_az_count"
                    ],
                    "primary": {
                        "id": "eipalloc-0b714170dd02e2984",
                        "attributes": {
                            "association_id": "",
                            "domain": "vpc",
                            "id": "eipalloc-0b714170dd02e2984",
                            "instance": "",
                            "network_interface": "",
                            "private_ip": "",
                            "public_dns": "ec2-3-125-121-138.eu-central-1.compute.amazonaws.com",
                            "public_ip": "3.125.121.138",
                            "public_ipv4_pool": "amazon",
                            "tags.%": "2",
                            "tags.Name": "cluster-343f-8fjkj-eip-eu-central-1c",
                            "tags.kubernetes.io/cluster/cluster-343f-8fjkj": "owned",
                            "vpc": "true"
                        },
                        "meta": {
                            "e2bfb730-ecaa-11e6-8f88-34363bc7c4c0": {
                                "delete": 180000000000,
                                "read": 900000000000,
                                "update": 300000000000
                            }
                        },
                        "tainted": false
                    },
                    "deposed": [],
                    "provider": "provider.aws"
                },
                "aws_internet_gateway.igw": {
                    "type": "aws_internet_gateway",
                    "depends_on": [
                        "data.aws_vpc.cluster_vpc"
                    ],
                    "primary": {
                        "id": "igw-02737077191f8d7a6",
                        "attributes": {
                            "id": "igw-02737077191f8d7a6",
                            "owner_id": "647924298166",
                            "tags.%": "2",
                            "tags.Name": "cluster-343f-8fjkj-igw",
                            "tags.kubernetes.io/cluster/cluster-343f-8fjkj": "owned",
                            "vpc_id": "vpc-023f25ad0dd88d046"
                        },
                        "meta": {},
                        "tainted": false
                    },
                    "deposed": [],
                    "provider": "provider.aws"
                },
                "aws_lb.api_external": {
                    "type": "aws_lb",
                    "depends_on": [
                        "aws_internet_gateway.igw",
                        "local.public_subnet_ids"
                    ],
                    "primary": {
                        "id": "arn:aws:elasticloadbalancing:eu-central-1:647924298166:loadbalancer/net/cluster-343f-8fjkj-ext/bef13ddf7b1d0c4a",
                        "attributes": {
                            "access_logs.#": "0",
                            "arn": "arn:aws:elasticloadbalancing:eu-central-1:647924298166:loadbalancer/net/cluster-343f-8fjkj-ext/bef13ddf7b1d0c4a",
                            "arn_suffix": "net/cluster-343f-8fjkj-ext/bef13ddf7b1d0c4a",
                            "dns_name": "cluster-343f-8fjkj-ext-bef13ddf7b1d0c4a.elb.eu-central-1.amazonaws.com",
                            "enable_cross_zone_load_balancing": "true",
                            "enable_deletion_protection": "false",
                            "id": "arn:aws:elasticloadbalancing:eu-central-1:647924298166:loadbalancer/net/cluster-343f-8fjkj-ext/bef13ddf7b1d0c4a",
                            "internal": "false",
                            "ip_address_type": "ipv4",
                            "load_balancer_type": "network",
                            "name": "cluster-343f-8fjkj-ext",
                            "security_groups.#": "0",
                            "subnet_mapping.#": "0",
                            "subnets.#": "3",
                            "subnets.2195283069": "subnet-0c3b7643b1b5ed957",
                            "subnets.2853784970": "subnet-0e399063aad288753",
                            "subnets.815516944": "subnet-02e01ebfefe1373c2",
                            "tags.%": "2",
                            "tags.Name": "cluster-343f-8fjkj-ext",
                            "tags.kubernetes.io/cluster/cluster-343f-8fjkj": "owned",
                            "vpc_id": "vpc-023f25ad0dd88d046",
                            "zone_id": "Z3F0SRJ5LGBH90"
                        },
                        "meta": {
                            "e2bfb730-ecaa-11e6-8f88-34363bc7c4c0": {
                                "create": 1200000000000,
                                "delete": 600000000000,
                                "update": 600000000000
                            }
                        },
                        "tainted": false
                    },
                    "deposed": [],
                    "provider": "provider.aws"
                },
                "aws_lb.api_internal": {
                    "type": "aws_lb",
                    "depends_on": [
                        "aws_internet_gateway.igw",
                        "local.private_subnet_ids"
                    ],
                    "primary": {
                        "id": "arn:aws:elasticloadbalancing:eu-central-1:647924298166:loadbalancer/net/cluster-343f-8fjkj-int/67eb07d9cc5677b0",
                        "attributes": {
                            "access_logs.#": "0",
                            "arn": "arn:aws:elasticloadbalancing:eu-central-1:647924298166:loadbalancer/net/cluster-343f-8fjkj-int/67eb07d9cc5677b0",
                            "arn_suffix": "net/cluster-343f-8fjkj-int/67eb07d9cc5677b0",
                            "dns_name": "cluster-343f-8fjkj-int-67eb07d9cc5677b0.elb.eu-central-1.amazonaws.com",
                            "enable_cross_zone_load_balancing": "true",
                            "enable_deletion_protection": "false",
                            "id": "arn:aws:elasticloadbalancing:eu-central-1:647924298166:loadbalancer/net/cluster-343f-8fjkj-int/67eb07d9cc5677b0",
                            "internal": "true",
                            "ip_address_type": "ipv4",
                            "load_balancer_type": "network",
                            "name": "cluster-343f-8fjkj-int",
                            "security_groups.#": "0",
                            "subnet_mapping.#": "0",
                            "subnets.#": "3",
                            "subnets.2845038965": "subnet-045e1076b27031740",
                            "subnets.352183800": "subnet-0383dfe61b3bc1505",
                            "subnets.929996437": "subnet-01a5515975c49918d",
                            "tags.%": "2",
                            "tags.Name": "cluster-343f-8fjkj-int",
                            "tags.kubernetes.io/cluster/cluster-343f-8fjkj": "owned",
                            "vpc_id": "vpc-023f25ad0dd88d046",
                            "zone_id": "Z3F0SRJ5LGBH90"
                        },
                        "meta": {
                            "e2bfb730-ecaa-11e6-8f88-34363bc7c4c0": {
                                "create": 1200000000000,
                                "delete": 600000000000,
                                "update": 600000000000
                            }
                        },
                        "tainted": false
                    },
                    "deposed": [],
                    "provider": "provider.aws"
                },
                "aws_lb_listener.api_external_api": {
                    "type": "aws_lb_listener",
                    "depends_on": [
                        "aws_lb.api_external",
                        "aws_lb_target_group.api_external"
                    ],
                    "primary": {
                        "id": "arn:aws:elasticloadbalancing:eu-central-1:647924298166:listener/net/cluster-343f-8fjkj-ext/bef13ddf7b1d0c4a/8765295b7761322c",
                        "attributes": {
                            "arn": "arn:aws:elasticloadbalancing:eu-central-1:647924298166:listener/net/cluster-343f-8fjkj-ext/bef13ddf7b1d0c4a/8765295b7761322c",
                            "default_action.#": "1",
                            "default_action.0.authenticate_cognito.#": "0",
                            "default_action.0.authenticate_oidc.#": "0",
                            "default_action.0.fixed_response.#": "0",
                            "default_action.0.order": "1",
                            "default_action.0.redirect.#": "0",
                            "default_action.0.target_group_arn": "arn:aws:elasticloadbalancing:eu-central-1:647924298166:targetgroup/cluster-343f-8fjkj-aext/0af72e0a58c790c3",
                            "default_action.0.type": "forward",
                            "id": "arn:aws:elasticloadbalancing:eu-central-1:647924298166:listener/net/cluster-343f-8fjkj-ext/bef13ddf7b1d0c4a/8765295b7761322c",
                            "load_balancer_arn": "arn:aws:elasticloadbalancing:eu-central-1:647924298166:loadbalancer/net/cluster-343f-8fjkj-ext/bef13ddf7b1d0c4a",
                            "port": "6443",
                            "protocol": "TCP",
                            "ssl_policy": ""
                        },
                        "meta": {
                            "e2bfb730-ecaa-11e6-8f88-34363bc7c4c0": {
                                "read": 600000000000
                            }
                        },
                        "tainted": false
                    },
                    "deposed": [],
                    "provider": "provider.aws"
                },
                "aws_lb_listener.api_internal_api": {
                    "type": "aws_lb_listener",
                    "depends_on": [
                        "aws_lb.api_internal",
                        "aws_lb_target_group.api_internal"
                    ],
                    "primary": {
                        "id": "arn:aws:elasticloadbalancing:eu-central-1:647924298166:listener/net/cluster-343f-8fjkj-int/67eb07d9cc5677b0/8425f88585324fb4",
                        "attributes": {
                            "arn": "arn:aws:elasticloadbalancing:eu-central-1:647924298166:listener/net/cluster-343f-8fjkj-int/67eb07d9cc5677b0/8425f88585324fb4",
                            "default_action.#": "1",
                            "default_action.0.authenticate_cognito.#": "0",
                            "default_action.0.authenticate_oidc.#": "0",
                            "default_action.0.fixed_response.#": "0",
                            "default_action.0.order": "1",
                            "default_action.0.redirect.#": "0",
                            "default_action.0.target_group_arn": "arn:aws:elasticloadbalancing:eu-central-1:647924298166:targetgroup/cluster-343f-8fjkj-aint/7e3a703bd5d5c404",
                            "default_action.0.type": "forward",
                            "id": "arn:aws:elasticloadbalancing:eu-central-1:647924298166:listener/net/cluster-343f-8fjkj-int/67eb07d9cc5677b0/8425f88585324fb4",
                            "load_balancer_arn": "arn:aws:elasticloadbalancing:eu-central-1:647924298166:loadbalancer/net/cluster-343f-8fjkj-int/67eb07d9cc5677b0",
                            "port": "6443",
                            "protocol": "TCP",
                            "ssl_policy": ""
                        },
                        "meta": {
                            "e2bfb730-ecaa-11e6-8f88-34363bc7c4c0": {
                                "read": 600000000000
                            }
                        },
                        "tainted": false
                    },
                    "deposed": [],
                    "provider": "provider.aws"
                },
                "aws_lb_listener.api_internal_services": {
                    "type": "aws_lb_listener",
                    "depends_on": [
                        "aws_lb.api_internal",
                        "aws_lb_target_group.services"
                    ],
                    "primary": {
                        "id": "arn:aws:elasticloadbalancing:eu-central-1:647924298166:listener/net/cluster-343f-8fjkj-int/67eb07d9cc5677b0/6106c6edf59dbcf8",
                        "attributes": {
                            "arn": "arn:aws:elasticloadbalancing:eu-central-1:647924298166:listener/net/cluster-343f-8fjkj-int/67eb07d9cc5677b0/6106c6edf59dbcf8",
                            "default_action.#": "1",
                            "default_action.0.authenticate_cognito.#": "0",
                            "default_action.0.authenticate_oidc.#": "0",
                            "default_action.0.fixed_response.#": "0",
                            "default_action.0.order": "1",
                            "default_action.0.redirect.#": "0",
                            "default_action.0.target_group_arn": "arn:aws:elasticloadbalancing:eu-central-1:647924298166:targetgroup/cluster-343f-8fjkj-sint/8e7f5b346fe7f3a3",
                            "default_action.0.type": "forward",
                            "id": "arn:aws:elasticloadbalancing:eu-central-1:647924298166:listener/net/cluster-343f-8fjkj-int/67eb07d9cc5677b0/6106c6edf59dbcf8",
                            "load_balancer_arn": "arn:aws:elasticloadbalancing:eu-central-1:647924298166:loadbalancer/net/cluster-343f-8fjkj-int/67eb07d9cc5677b0",
                            "port": "22623",
                            "protocol": "TCP",
                            "ssl_policy": ""
                        },
                        "meta": {
                            "e2bfb730-ecaa-11e6-8f88-34363bc7c4c0": {
                                "read": 600000000000
                            }
                        },
                        "tainted": false
                    },
                    "deposed": [],
                    "provider": "provider.aws"
                },
                "aws_lb_target_group.api_external": {
                    "type": "aws_lb_target_group",
                    "depends_on": [
                        "local.vpc_id"
                    ],
                    "primary": {
                        "id": "arn:aws:elasticloadbalancing:eu-central-1:647924298166:targetgroup/cluster-343f-8fjkj-aext/0af72e0a58c790c3",
                        "attributes": {
                            "arn": "arn:aws:elasticloadbalancing:eu-central-1:647924298166:targetgroup/cluster-343f-8fjkj-aext/0af72e0a58c790c3",
                            "arn_suffix": "targetgroup/cluster-343f-8fjkj-aext/0af72e0a58c790c3",
                            "deregistration_delay": "300",
                            "health_check.#": "1",
                            "health_check.0.healthy_threshold": "2",
                            "health_check.0.interval": "10",
                            "health_check.0.matcher": "200-399",
                            "health_check.0.path": "/readyz",
                            "health_check.0.port": "6443",
                            "health_check.0.protocol": "HTTPS",
                            "health_check.0.timeout": "10",
                            "health_check.0.unhealthy_threshold": "2",
                            "id": "arn:aws:elasticloadbalancing:eu-central-1:647924298166:targetgroup/cluster-343f-8fjkj-aext/0af72e0a58c790c3",
                            "lambda_multi_value_headers_enabled": "false",
                            "name": "cluster-343f-8fjkj-aext",
                            "port": "6443",
                            "protocol": "TCP",
                            "proxy_protocol_v2": "false",
                            "slow_start": "0",
                            "stickiness.#": "0",
                            "tags.%": "2",
                            "tags.Name": "cluster-343f-8fjkj-aext",
                            "tags.kubernetes.io/cluster/cluster-343f-8fjkj": "owned",
                            "target_type": "ip",
                            "vpc_id": "vpc-023f25ad0dd88d046"
                        },
                        "meta": {},
                        "tainted": false
                    },
                    "deposed": [],
                    "provider": "provider.aws"
                },
                "aws_lb_target_group.api_internal": {
                    "type": "aws_lb_target_group",
                    "depends_on": [
                        "local.vpc_id"
                    ],
                    "primary": {
                        "id": "arn:aws:elasticloadbalancing:eu-central-1:647924298166:targetgroup/cluster-343f-8fjkj-aint/7e3a703bd5d5c404",
                        "attributes": {
                            "arn": "arn:aws:elasticloadbalancing:eu-central-1:647924298166:targetgroup/cluster-343f-8fjkj-aint/7e3a703bd5d5c404",
                            "arn_suffix": "targetgroup/cluster-343f-8fjkj-aint/7e3a703bd5d5c404",
                            "deregistration_delay": "300",
                            "health_check.#": "1",
                            "health_check.0.healthy_threshold": "2",
                            "health_check.0.interval": "10",
                            "health_check.0.matcher": "200-399",
                            "health_check.0.path": "/readyz",
                            "health_check.0.port": "6443",
                            "health_check.0.protocol": "HTTPS",
                            "health_check.0.timeout": "10",
                            "health_check.0.unhealthy_threshold": "2",
                            "id": "arn:aws:elasticloadbalancing:eu-central-1:647924298166:targetgroup/cluster-343f-8fjkj-aint/7e3a703bd5d5c404",
                            "lambda_multi_value_headers_enabled": "false",
                            "name": "cluster-343f-8fjkj-aint",
                            "port": "6443",
                            "protocol": "TCP",
                            "proxy_protocol_v2": "false",
                            "slow_start": "0",
                            "stickiness.#": "0",
                            "tags.%": "2",
                            "tags.Name": "cluster-343f-8fjkj-aint",
                            "tags.kubernetes.io/cluster/cluster-343f-8fjkj": "owned",
                            "target_type": "ip",
                            "vpc_id": "vpc-023f25ad0dd88d046"
                        },
                        "meta": {},
                        "tainted": false
                    },
                    "deposed": [],
                    "provider": "provider.aws"
                },
                "aws_lb_target_group.services": {
                    "type": "aws_lb_target_group",
                    "depends_on": [
                        "local.vpc_id"
                    ],
                    "primary": {
                        "id": "arn:aws:elasticloadbalancing:eu-central-1:647924298166:targetgroup/cluster-343f-8fjkj-sint/8e7f5b346fe7f3a3",
                        "attributes": {
                            "arn": "arn:aws:elasticloadbalancing:eu-central-1:647924298166:targetgroup/cluster-343f-8fjkj-sint/8e7f5b346fe7f3a3",
                            "arn_suffix": "targetgroup/cluster-343f-8fjkj-sint/8e7f5b346fe7f3a3",
                            "deregistration_delay": "300",
                            "health_check.#": "1",
                            "health_check.0.healthy_threshold": "2",
                            "health_check.0.interval": "10",
                            "health_check.0.matcher": "200-399",
                            "health_check.0.path": "/healthz",
                            "health_check.0.port": "22623",
                            "health_check.0.protocol": "HTTPS",
                            "health_check.0.timeout": "10",
                            "health_check.0.unhealthy_threshold": "2",
                            "id": "arn:aws:elasticloadbalancing:eu-central-1:647924298166:targetgroup/cluster-343f-8fjkj-sint/8e7f5b346fe7f3a3",
                            "lambda_multi_value_headers_enabled": "false",
                            "name": "cluster-343f-8fjkj-sint",
                            "port": "22623",
                            "protocol": "TCP",
                            "proxy_protocol_v2": "false",
                            "slow_start": "0",
                            "stickiness.#": "0",
                            "tags.%": "2",
                            "tags.Name": "cluster-343f-8fjkj-sint",
                            "tags.kubernetes.io/cluster/cluster-343f-8fjkj": "owned",
                            "target_type": "ip",
                            "vpc_id": "vpc-023f25ad0dd88d046"
                        },
                        "meta": {},
                        "tainted": false
                    },
                    "deposed": [],
                    "provider": "provider.aws"
                },
                "aws_main_route_table_association.main_vpc_routes": {
                    "type": "aws_main_route_table_association",
                    "depends_on": [
                        "aws_route_table.default",
                        "data.aws_vpc.cluster_vpc"
                    ],
                    "primary": {
                        "id": "rtbassoc-0b2771fb4489b8ce9",
                        "attributes": {
                            "id": "rtbassoc-0b2771fb4489b8ce9",
                            "original_route_table_id": "rtb-0699ad09fbe5eda1d",
                            "route_table_id": "rtb-01277568b5809ac58",
                            "vpc_id": "vpc-023f25ad0dd88d046"
                        },
                        "meta": {},
                        "tainted": false
                    },
                    "deposed": [],
                    "provider": "provider.aws"
                },
                "aws_nat_gateway.nat_gw.0": {
                    "type": "aws_nat_gateway",
                    "depends_on": [
                        "aws_eip.nat_eip.*",
                        "aws_subnet.public_subnet.*",
                        "local.new_az_count"
                    ],
                    "primary": {
                        "id": "nat-0fda28259400d041d",
                        "attributes": {
                            "allocation_id": "eipalloc-050f36ef64d197b1c",
                            "id": "nat-0fda28259400d041d",
                            "network_interface_id": "eni-0481ad6a44d501483",
                            "private_ip": "10.0.10.196",
                            "public_ip": "18.184.247.116",
                            "subnet_id": "subnet-0c3b7643b1b5ed957",
                            "tags.%": "2",
                            "tags.Name": "cluster-343f-8fjkj-nat-eu-central-1a",
                            "tags.kubernetes.io/cluster/cluster-343f-8fjkj": "owned"
                        },
                        "meta": {},
                        "tainted": false
                    },
                    "deposed": [],
                    "provider": "provider.aws"
                },
                "aws_nat_gateway.nat_gw.1": {
                    "type": "aws_nat_gateway",
                    "depends_on": [
                        "aws_eip.nat_eip.*",
                        "aws_subnet.public_subnet.*",
                        "local.new_az_count"
                    ],
                    "primary": {
                        "id": "nat-0ff3503d94e831f7a",
                        "attributes": {
                            "allocation_id": "eipalloc-024f838ccbd965db4",
                            "id": "nat-0ff3503d94e831f7a",
                            "network_interface_id": "eni-01a8b7e2ab25228ff",
                            "private_ip": "10.0.26.57",
                            "public_ip": "3.123.45.125",
                            "subnet_id": "subnet-0e399063aad288753",
                            "tags.%": "2",
                            "tags.Name": "cluster-343f-8fjkj-nat-eu-central-1b",
                            "tags.kubernetes.io/cluster/cluster-343f-8fjkj": "owned"
                        },
                        "meta": {},
                        "tainted": false
                    },
                    "deposed": [],
                    "provider": "provider.aws"
                },
                "aws_nat_gateway.nat_gw.2": {
                    "type": "aws_nat_gateway",
                    "depends_on": [
                        "aws_eip.nat_eip.*",
                        "aws_subnet.public_subnet.*",
                        "local.new_az_count"
                    ],
                    "primary": {
                        "id": "nat-05447d0c8646246f1",
                        "attributes": {
                            "allocation_id": "eipalloc-0b714170dd02e2984",
                            "id": "nat-05447d0c8646246f1",
                            "network_interface_id": "eni-06f534e013f112b6b",
                            "private_ip": "10.0.37.113",
                            "public_ip": "3.125.121.138",
                            "subnet_id": "subnet-02e01ebfefe1373c2",
                            "tags.%": "2",
                            "tags.Name": "cluster-343f-8fjkj-nat-eu-central-1c",
                            "tags.kubernetes.io/cluster/cluster-343f-8fjkj": "owned"
                        },
                        "meta": {},
                        "tainted": false
                    },
                    "deposed": [],
                    "provider": "provider.aws"
                },
                "aws_route.igw_route": {
                    "type": "aws_route",
                    "depends_on": [
                        "aws_internet_gateway.igw",
                        "aws_route_table.default"
                    ],
                    "primary": {
                        "id": "r-rtb-01277568b5809ac581080289494",
                        "attributes": {
                            "destination_cidr_block": "0.0.0.0/0",
                            "destination_prefix_list_id": "",
                            "egress_only_gateway_id": "",
                            "gateway_id": "igw-02737077191f8d7a6",
                            "id": "r-rtb-01277568b5809ac581080289494",
                            "instance_id": "",
                            "instance_owner_id": "",
                            "nat_gateway_id": "",
                            "network_interface_id": "",
                            "origin": "CreateRoute",
                            "route_table_id": "rtb-01277568b5809ac58",
                            "state": "active",
                            "transit_gateway_id": "",
                            "vpc_peering_connection_id": ""
                        },
                        "meta": {
                            "e2bfb730-ecaa-11e6-8f88-34363bc7c4c0": {
                                "create": 1200000000000,
                                "delete": 300000000000
                            }
                        },
                        "tainted": false
                    },
                    "deposed": [],
                    "provider": "provider.aws"
                },
                "aws_route.to_nat_gw.0": {
                    "type": "aws_route",
                    "depends_on": [
                        "aws_nat_gateway.nat_gw.*",
                        "aws_route_table.private_routes",
                        "aws_route_table.private_routes.*",
                        "local.new_az_count"
                    ],
                    "primary": {
                        "id": "r-rtb-08e317338bbf037f11080289494",
                        "attributes": {
                            "destination_cidr_block": "0.0.0.0/0",
                            "destination_prefix_list_id": "",
                            "egress_only_gateway_id": "",
                            "gateway_id": "",
                            "id": "r-rtb-08e317338bbf037f11080289494",
                            "instance_id": "",
                            "instance_owner_id": "",
                            "nat_gateway_id": "nat-0fda28259400d041d",
                            "network_interface_id": "",
                            "origin": "CreateRoute",
                            "route_table_id": "rtb-08e317338bbf037f1",
                            "state": "active",
                            "transit_gateway_id": "",
                            "vpc_peering_connection_id": ""
                        },
                        "meta": {
                            "e2bfb730-ecaa-11e6-8f88-34363bc7c4c0": {
                                "create": 1200000000000,
                                "delete": 300000000000
                            }
                        },
                        "tainted": false
                    },
                    "deposed": [],
                    "provider": "provider.aws"
                },
                "aws_route.to_nat_gw.1": {
                    "type": "aws_route",
                    "depends_on": [
                        "aws_nat_gateway.nat_gw.*",
                        "aws_route_table.private_routes",
                        "aws_route_table.private_routes.*",
                        "local.new_az_count"
                    ],
                    "primary": {
                        "id": "r-rtb-0ced5cf99516863931080289494",
                        "attributes": {
                            "destination_cidr_block": "0.0.0.0/0",
                            "destination_prefix_list_id": "",
                            "egress_only_gateway_id": "",
                            "gateway_id": "",
                            "id": "r-rtb-0ced5cf99516863931080289494",
                            "instance_id": "",
                            "instance_owner_id": "",
                            "nat_gateway_id": "nat-0ff3503d94e831f7a",
                            "network_interface_id": "",
                            "origin": "CreateRoute",
                            "route_table_id": "rtb-0ced5cf9951686393",
                            "state": "active",
                            "transit_gateway_id": "",
                            "vpc_peering_connection_id": ""
                        },
                        "meta": {
                            "e2bfb730-ecaa-11e6-8f88-34363bc7c4c0": {
                                "create": 1200000000000,
                                "delete": 300000000000
                            }
                        },
                        "tainted": false
                    },
                    "deposed": [],
                    "provider": "provider.aws"
                },
                "aws_route.to_nat_gw.2": {
                    "type": "aws_route",
                    "depends_on": [
                        "aws_nat_gateway.nat_gw.*",
                        "aws_route_table.private_routes",
                        "aws_route_table.private_routes.*",
                        "local.new_az_count"
                    ],
                    "primary": {
                        "id": "r-rtb-0b2b1960a73328eb61080289494",
                        "attributes": {
                            "destination_cidr_block": "0.0.0.0/0",
                            "destination_prefix_list_id": "",
                            "egress_only_gateway_id": "",
                            "gateway_id": "",
                            "id": "r-rtb-0b2b1960a73328eb61080289494",
                            "instance_id": "",
                            "instance_owner_id": "",
                            "nat_gateway_id": "nat-05447d0c8646246f1",
                            "network_interface_id": "",
                            "origin": "CreateRoute",
                            "route_table_id": "rtb-0b2b1960a73328eb6",
                            "state": "active",
                            "transit_gateway_id": "",
                            "vpc_peering_connection_id": ""
                        },
                        "meta": {
                            "e2bfb730-ecaa-11e6-8f88-34363bc7c4c0": {
                                "create": 1200000000000,
                                "delete": 300000000000
                            }
                        },
                        "tainted": false
                    },
                    "deposed": [],
                    "provider": "provider.aws"
                },
                "aws_route_table.default": {
                    "type": "aws_route_table",
                    "depends_on": [
                        "data.aws_vpc.cluster_vpc"
                    ],
                    "primary": {
                        "id": "rtb-01277568b5809ac58",
                        "attributes": {
                            "id": "rtb-01277568b5809ac58",
                            "owner_id": "647924298166",
                            "propagating_vgws.#": "0",
                            "route.#": "0",
                            "tags.%": "2",
                            "tags.Name": "cluster-343f-8fjkj-public",
                            "tags.kubernetes.io/cluster/cluster-343f-8fjkj": "owned",
                            "vpc_id": "vpc-023f25ad0dd88d046"
                        },
                        "meta": {},
                        "tainted": false
                    },
                    "deposed": [],
                    "provider": "provider.aws"
                },
                "aws_route_table.private_routes.0": {
                    "type": "aws_route_table",
                    "depends_on": [
                        "data.aws_vpc.cluster_vpc",
                        "local.new_az_count"
                    ],
                    "primary": {
                        "id": "rtb-08e317338bbf037f1",
                        "attributes": {
                            "id": "rtb-08e317338bbf037f1",
                            "owner_id": "647924298166",
                            "propagating_vgws.#": "0",
                            "route.#": "0",
                            "tags.%": "2",
                            "tags.Name": "cluster-343f-8fjkj-private-eu-central-1a",
                            "tags.kubernetes.io/cluster/cluster-343f-8fjkj": "owned",
                            "vpc_id": "vpc-023f25ad0dd88d046"
                        },
                        "meta": {},
                        "tainted": false
                    },
                    "deposed": [],
                    "provider": "provider.aws"
                },
                "aws_route_table.private_routes.1": {
                    "type": "aws_route_table",
                    "depends_on": [
                        "data.aws_vpc.cluster_vpc",
                        "local.new_az_count"
                    ],
                    "primary": {
                        "id": "rtb-0ced5cf9951686393",
                        "attributes": {
                            "id": "rtb-0ced5cf9951686393",
                            "owner_id": "647924298166",
                            "propagating_vgws.#": "0",
                            "route.#": "0",
                            "tags.%": "2",
                            "tags.Name": "cluster-343f-8fjkj-private-eu-central-1b",
                            "tags.kubernetes.io/cluster/cluster-343f-8fjkj": "owned",
                            "vpc_id": "vpc-023f25ad0dd88d046"
                        },
                        "meta": {},
                        "tainted": false
                    },
                    "deposed": [],
                    "provider": "provider.aws"
                },
                "aws_route_table.private_routes.2": {
                    "type": "aws_route_table",
                    "depends_on": [
                        "data.aws_vpc.cluster_vpc",
                        "local.new_az_count"
                    ],
                    "primary": {
                        "id": "rtb-0b2b1960a73328eb6",
                        "attributes": {
                            "id": "rtb-0b2b1960a73328eb6",
                            "owner_id": "647924298166",
                            "propagating_vgws.#": "0",
                            "route.#": "0",
                            "tags.%": "2",
                            "tags.Name": "cluster-343f-8fjkj-private-eu-central-1c",
                            "tags.kubernetes.io/cluster/cluster-343f-8fjkj": "owned",
                            "vpc_id": "vpc-023f25ad0dd88d046"
                        },
                        "meta": {},
                        "tainted": false
                    },
                    "deposed": [],
                    "provider": "provider.aws"
                },
                "aws_route_table_association.private_routing.0": {
                    "type": "aws_route_table_association",
                    "depends_on": [
                        "aws_route_table.private_routes.*",
                        "aws_subnet.private_subnet.*",
                        "local.new_az_count"
                    ],
                    "primary": {
                        "id": "rtbassoc-03eba2f18d01d183d",
                        "attributes": {
                            "id": "rtbassoc-03eba2f18d01d183d",
                            "route_table_id": "rtb-08e317338bbf037f1",
                            "subnet_id": "subnet-0383dfe61b3bc1505"
                        },
                        "meta": {},
                        "tainted": false
                    },
                    "deposed": [],
                    "provider": "provider.aws"
                },
                "aws_route_table_association.private_routing.1": {
                    "type": "aws_route_table_association",
                    "depends_on": [
                        "aws_route_table.private_routes.*",
                        "aws_subnet.private_subnet.*",
                        "local.new_az_count"
                    ],
                    "primary": {
                        "id": "rtbassoc-06751eea49633954a",
                        "attributes": {
                            "id": "rtbassoc-06751eea49633954a",
                            "route_table_id": "rtb-0ced5cf9951686393",
                            "subnet_id": "subnet-045e1076b27031740"
                        },
                        "meta": {},
                        "tainted": false
                    },
                    "deposed": [],
                    "provider": "provider.aws"
                },
                "aws_route_table_association.private_routing.2": {
                    "type": "aws_route_table_association",
                    "depends_on": [
                        "aws_route_table.private_routes.*",
                        "aws_subnet.private_subnet.*",
                        "local.new_az_count"
                    ],
                    "primary": {
                        "id": "rtbassoc-015d947b28a4f1aa9",
                        "attributes": {
                            "id": "rtbassoc-015d947b28a4f1aa9",
                            "route_table_id": "rtb-0b2b1960a73328eb6",
                            "subnet_id": "subnet-01a5515975c49918d"
                        },
                        "meta": {},
                        "tainted": false
                    },
                    "deposed": [],
                    "provider": "provider.aws"
                },
                "aws_route_table_association.route_net.0": {
                    "type": "aws_route_table_association",
                    "depends_on": [
                        "aws_route_table.default",
                        "aws_subnet.public_subnet.*",
                        "local.new_az_count"
                    ],
                    "primary": {
                        "id": "rtbassoc-017fd19d9ffe040fd",
                        "attributes": {
                            "id": "rtbassoc-017fd19d9ffe040fd",
                            "route_table_id": "rtb-01277568b5809ac58",
                            "subnet_id": "subnet-0c3b7643b1b5ed957"
                        },
                        "meta": {},
                        "tainted": false
                    },
                    "deposed": [],
                    "provider": "provider.aws"
                },
                "aws_route_table_association.route_net.1": {
                    "type": "aws_route_table_association",
                    "depends_on": [
                        "aws_route_table.default",
                        "aws_subnet.public_subnet.*",
                        "local.new_az_count"
                    ],
                    "primary": {
                        "id": "rtbassoc-059256459b47708b8",
                        "attributes": {
                            "id": "rtbassoc-059256459b47708b8",
                            "route_table_id": "rtb-01277568b5809ac58",
                            "subnet_id": "subnet-0e399063aad288753"
                        },
                        "meta": {},
                        "tainted": false
                    },
                    "deposed": [],
                    "provider": "provider.aws"
                },
                "aws_route_table_association.route_net.2": {
                    "type": "aws_route_table_association",
                    "depends_on": [
                        "aws_route_table.default",
                        "aws_subnet.public_subnet.*",
                        "local.new_az_count"
                    ],
                    "primary": {
                        "id": "rtbassoc-03d3935b4266ff1ba",
                        "attributes": {
                            "id": "rtbassoc-03d3935b4266ff1ba",
                            "route_table_id": "rtb-01277568b5809ac58",
                            "subnet_id": "subnet-02e01ebfefe1373c2"
                        },
                        "meta": {},
                        "tainted": false
                    },
                    "deposed": [],
                    "provider": "provider.aws"
                },
                "aws_security_group.master": {
                    "type": "aws_security_group",
                    "depends_on": [
                        "data.aws_vpc.cluster_vpc"
                    ],
                    "primary": {
                        "id": "sg-0738eb86e0e0b2705",
                        "attributes": {
                            "arn": "arn:aws:ec2:eu-central-1:647924298166:security-group/sg-0738eb86e0e0b2705",
                            "description": "Managed by Terraform",
                            "egress.#": "1",
                            "egress.482069346.cidr_blocks.#": "1",
                            "egress.482069346.cidr_blocks.0": "0.0.0.0/0",
                            "egress.482069346.description": "",
                            "egress.482069346.from_port": "0",
                            "egress.482069346.ipv6_cidr_blocks.#": "0",
                            "egress.482069346.prefix_list_ids.#": "0",
                            "egress.482069346.protocol": "-1",
                            "egress.482069346.security_groups.#": "0",
                            "egress.482069346.self": "false",
                            "egress.482069346.to_port": "0",
                            "id": "sg-0738eb86e0e0b2705",
                            "ingress.#": "13",
                            "ingress.109225191.cidr_blocks.#": "1",
                            "ingress.109225191.cidr_blocks.0": "10.0.0.0/16",
                            "ingress.109225191.description": "",
                            "ingress.109225191.from_port": "6443",
                            "ingress.109225191.ipv6_cidr_blocks.#": "0",
                            "ingress.109225191.prefix_list_ids.#": "0",
                            "ingress.109225191.protocol": "tcp",
                            "ingress.109225191.security_groups.#": "0",
                            "ingress.109225191.self": "false",
                            "ingress.109225191.to_port": "6443",
                            "ingress.1431068065.cidr_blocks.#": "0",
                            "ingress.1431068065.description": "",
                            "ingress.1431068065.from_port": "2379",
                            "ingress.1431068065.ipv6_cidr_blocks.#": "0",
                            "ingress.1431068065.prefix_list_ids.#": "0",
                            "ingress.1431068065.protocol": "tcp",
                            "ingress.1431068065.security_groups.#": "0",
                            "ingress.1431068065.self": "true",
                            "ingress.1431068065.to_port": "2380",
                            "ingress.1729277329.cidr_blocks.#": "0",
                            "ingress.1729277329.description": "",
                            "ingress.1729277329.from_port": "9000",
                            "ingress.1729277329.ipv6_cidr_blocks.#": "0",
                            "ingress.1729277329.prefix_list_ids.#": "0",
                            "ingress.1729277329.protocol": "tcp",
                            "ingress.1729277329.security_groups.#": "1",
                            "ingress.1729277329.security_groups.3907414167": "sg-019ddbcbe6737660c",
                            "ingress.1729277329.self": "true",
                            "ingress.1729277329.to_port": "9999",
                            "ingress.2193683359.cidr_blocks.#": "1",
                            "ingress.2193683359.cidr_blocks.0": "10.0.0.0/16",
                            "ingress.2193683359.description": "",
                            "ingress.2193683359.from_port": "22623",
                            "ingress.2193683359.ipv6_cidr_blocks.#": "0",
                            "ingress.2193683359.prefix_list_ids.#": "0",
                            "ingress.2193683359.protocol": "tcp",
                            "ingress.2193683359.security_groups.#": "0",
                            "ingress.2193683359.self": "false",
                            "ingress.2193683359.to_port": "22623",
                            "ingress.226683157.cidr_blocks.#": "0",
                            "ingress.226683157.description": "",
                            "ingress.226683157.from_port": "10259",
                            "ingress.226683157.ipv6_cidr_blocks.#": "0",
                            "ingress.226683157.prefix_list_ids.#": "0",
                            "ingress.226683157.protocol": "tcp",
                            "ingress.226683157.security_groups.#": "1",
                            "ingress.226683157.security_groups.3907414167": "sg-019ddbcbe6737660c",
                            "ingress.226683157.self": "true",
                            "ingress.226683157.to_port": "10259",
                            "ingress.2338861094.cidr_blocks.#": "0",
                            "ingress.2338861094.description": "",
                            "ingress.2338861094.from_port": "10257",
                            "ingress.2338861094.ipv6_cidr_blocks.#": "0",
                            "ingress.2338861094.prefix_list_ids.#": "0",
                            "ingress.2338861094.protocol": "tcp",
                            "ingress.2338861094.security_groups.#": "1",
                            "ingress.2338861094.security_groups.3907414167": "sg-019ddbcbe6737660c",
                            "ingress.2338861094.self": "true",
                            "ingress.2338861094.to_port": "10257",
                            "ingress.267302002.cidr_blocks.#": "1",
                            "ingress.267302002.cidr_blocks.0": "10.0.0.0/16",
                            "ingress.267302002.description": "",
                            "ingress.267302002.from_port": "-1",
                            "ingress.267302002.ipv6_cidr_blocks.#": "0",
                            "ingress.267302002.prefix_list_ids.#": "0",
                            "ingress.267302002.protocol": "icmp",
                            "ingress.267302002.security_groups.#": "0",
                            "ingress.267302002.self": "false",
                            "ingress.267302002.to_port": "-1",
                            "ingress.2836678436.cidr_blocks.#": "0",
                            "ingress.2836678436.description": "",
                            "ingress.2836678436.from_port": "9000",
                            "ingress.2836678436.ipv6_cidr_blocks.#": "0",
                            "ingress.2836678436.prefix_list_ids.#": "0",
                            "ingress.2836678436.protocol": "udp",
                            "ingress.2836678436.security_groups.#": "1",
                            "ingress.2836678436.security_groups.3907414167": "sg-019ddbcbe6737660c",
                            "ingress.2836678436.self": "true",
                            "ingress.2836678436.to_port": "9999",
                            "ingress.2883779606.cidr_blocks.#": "0",
                            "ingress.2883779606.description": "",
                            "ingress.2883779606.from_port": "30000",
                            "ingress.2883779606.ipv6_cidr_blocks.#": "0",
                            "ingress.2883779606.prefix_list_ids.#": "0",
                            "ingress.2883779606.protocol": "udp",
                            "ingress.2883779606.security_groups.#": "0",
                            "ingress.2883779606.self": "true",
                            "ingress.2883779606.to_port": "32767",
                            "ingress.3059540300.cidr_blocks.#": "0",
                            "ingress.3059540300.description": "",
                            "ingress.3059540300.from_port": "30000",
                            "ingress.3059540300.ipv6_cidr_blocks.#": "0",
                            "ingress.3059540300.prefix_list_ids.#": "0",
                            "ingress.3059540300.protocol": "tcp",
                            "ingress.3059540300.security_groups.#": "0",
                            "ingress.3059540300.self": "true",
                            "ingress.3059540300.to_port": "32767",
                            "ingress.3934682995.cidr_blocks.#": "0",
                            "ingress.3934682995.description": "",
                            "ingress.3934682995.from_port": "4789",
                            "ingress.3934682995.ipv6_cidr_blocks.#": "0",
                            "ingress.3934682995.prefix_list_ids.#": "0",
                            "ingress.3934682995.protocol": "udp",
                            "ingress.3934682995.security_groups.#": "1",
                            "ingress.3934682995.security_groups.3907414167": "sg-019ddbcbe6737660c",
                            "ingress.3934682995.self": "true",
                            "ingress.3934682995.to_port": "4789",
                            "ingress.631627679.cidr_blocks.#": "0",
                            "ingress.631627679.description": "",
                            "ingress.631627679.from_port": "10250",
                            "ingress.631627679.ipv6_cidr_blocks.#": "0",
                            "ingress.631627679.prefix_list_ids.#": "0",
                            "ingress.631627679.protocol": "tcp",
                            "ingress.631627679.security_groups.#": "1",
                            "ingress.631627679.security_groups.3907414167": "sg-019ddbcbe6737660c",
                            "ingress.631627679.self": "true",
                            "ingress.631627679.to_port": "10250",
                            "ingress.931551850.cidr_blocks.#": "1",
                            "ingress.931551850.cidr_blocks.0": "10.0.0.0/16",
                            "ingress.931551850.description": "",
                            "ingress.931551850.from_port": "22",
                            "ingress.931551850.ipv6_cidr_blocks.#": "0",
                            "ingress.931551850.prefix_list_ids.#": "0",
                            "ingress.931551850.protocol": "tcp",
                            "ingress.931551850.security_groups.#": "0",
                            "ingress.931551850.self": "false",
                            "ingress.931551850.to_port": "22",
                            "name": "terraform-20191209105616565500000003",
                            "owner_id": "647924298166",
                            "revoke_rules_on_delete": "false",
                            "tags.%": "2",
                            "tags.Name": "cluster-343f-8fjkj-master-sg",
                            "tags.kubernetes.io/cluster/cluster-343f-8fjkj": "owned",
                            "vpc_id": "vpc-023f25ad0dd88d046"
                        },
                        "meta": {
                            "e2bfb730-ecaa-11e6-8f88-34363bc7c4c0": {
                                "create": 1200000000000,
                                "delete": 600000000000
                            },
                            "schema_version": "1"
                        },
                        "tainted": false
                    },
                    "deposed": [],
                    "provider": "provider.aws"
                },
                "aws_security_group.worker": {
                    "type": "aws_security_group",
                    "depends_on": [
                        "data.aws_vpc.cluster_vpc"
                    ],
                    "primary": {
                        "id": "sg-019ddbcbe6737660c",
                        "attributes": {
                            "arn": "arn:aws:ec2:eu-central-1:647924298166:security-group/sg-019ddbcbe6737660c",
                            "description": "Managed by Terraform",
                            "egress.#": "0",
                            "id": "sg-019ddbcbe6737660c",
                            "ingress.#": "0",
                            "name": "terraform-20191209105616564500000002",
                            "owner_id": "647924298166",
                            "revoke_rules_on_delete": "false",
                            "tags.%": "2",
                            "tags.Name": "cluster-343f-8fjkj-worker-sg",
                            "tags.kubernetes.io/cluster/cluster-343f-8fjkj": "owned",
                            "vpc_id": "vpc-023f25ad0dd88d046"
                        },
                        "meta": {
                            "e2bfb730-ecaa-11e6-8f88-34363bc7c4c0": {
                                "create": 1200000000000,
                                "delete": 600000000000
                            },
                            "schema_version": "1"
                        },
                        "tainted": false
                    },
                    "deposed": [],
                    "provider": "provider.aws"
                },
                "aws_security_group_rule.master_egress": {
                    "type": "aws_security_group_rule",
                    "depends_on": [
                        "aws_security_group.master"
                    ],
                    "primary": {
                        "id": "sgrule-383287307",
                        "attributes": {
                            "cidr_blocks.#": "1",
                            "cidr_blocks.0": "0.0.0.0/0",
                            "from_port": "0",
                            "id": "sgrule-383287307",
                            "protocol": "-1",
                            "security_group_id": "sg-0738eb86e0e0b2705",
                            "self": "false",
                            "to_port": "0",
                            "type": "egress"
                        },
                        "meta": {
                            "schema_version": "2"
                        },
                        "tainted": false
                    },
                    "deposed": [],
                    "provider": "provider.aws"
                },
                "aws_security_group_rule.master_ingress_etcd": {
                    "type": "aws_security_group_rule",
                    "depends_on": [
                        "aws_security_group.master"
                    ],
                    "primary": {
                        "id": "sgrule-2800003012",
                        "attributes": {
                            "from_port": "2379",
                            "id": "sgrule-2800003012",
                            "protocol": "tcp",
                            "security_group_id": "sg-0738eb86e0e0b2705",
                            "self": "true",
                            "to_port": "2380",
                            "type": "ingress"
                        },
                        "meta": {
                            "schema_version": "2"
                        },
                        "tainted": false
                    },
                    "deposed": [],
                    "provider": "provider.aws"
                },
                "aws_security_group_rule.master_ingress_https": {
                    "type": "aws_security_group_rule",
                    "depends_on": [
                        "aws_security_group.master",
                        "data.aws_vpc.cluster_vpc"
                    ],
                    "primary": {
                        "id": "sgrule-2237879032",
                        "attributes": {
                            "cidr_blocks.#": "1",
                            "cidr_blocks.0": "10.0.0.0/16",
                            "from_port": "6443",
                            "id": "sgrule-2237879032",
                            "protocol": "tcp",
                            "security_group_id": "sg-0738eb86e0e0b2705",
                            "self": "false",
                            "to_port": "6443",
                            "type": "ingress"
                        },
                        "meta": {
                            "schema_version": "2"
                        },
                        "tainted": false
                    },
                    "deposed": [],
                    "provider": "provider.aws"
                },
                "aws_security_group_rule.master_ingress_icmp": {
                    "type": "aws_security_group_rule",
                    "depends_on": [
                        "aws_security_group.master",
                        "data.aws_vpc.cluster_vpc"
                    ],
                    "primary": {
                        "id": "sgrule-1788965805",
                        "attributes": {
                            "cidr_blocks.#": "1",
                            "cidr_blocks.0": "10.0.0.0/16",
                            "from_port": "-1",
                            "id": "sgrule-1788965805",
                            "protocol": "icmp",
                            "security_group_id": "sg-0738eb86e0e0b2705",
                            "self": "false",
                            "to_port": "-1",
                            "type": "ingress"
                        },
                        "meta": {
                            "schema_version": "2"
                        },
                        "tainted": false
                    },
                    "deposed": [],
                    "provider": "provider.aws"
                },
                "aws_security_group_rule.master_ingress_internal": {
                    "type": "aws_security_group_rule",
                    "depends_on": [
                        "aws_security_group.master"
                    ],
                    "primary": {
                        "id": "sgrule-1473810780",
                        "attributes": {
                            "from_port": "9000",
                            "id": "sgrule-1473810780",
                            "protocol": "tcp",
                            "security_group_id": "sg-0738eb86e0e0b2705",
                            "self": "true",
                            "to_port": "9999",
                            "type": "ingress"
                        },
                        "meta": {
                            "schema_version": "2"
                        },
                        "tainted": false
                    },
                    "deposed": [],
                    "provider": "provider.aws"
                },
                "aws_security_group_rule.master_ingress_internal_from_worker": {
                    "type": "aws_security_group_rule",
                    "depends_on": [
                        "aws_security_group.master",
                        "aws_security_group.worker"
                    ],
                    "primary": {
                        "id": "sgrule-204356229",
                        "attributes": {
                            "from_port": "9000",
                            "id": "sgrule-204356229",
                            "protocol": "tcp",
                            "security_group_id": "sg-0738eb86e0e0b2705",
                            "self": "false",
                            "source_security_group_id": "sg-019ddbcbe6737660c",
                            "to_port": "9999",
                            "type": "ingress"
                        },
                        "meta": {
                            "schema_version": "2"
                        },
                        "tainted": false
                    },
                    "deposed": [],
                    "provider": "provider.aws"
                },
                "aws_security_group_rule.master_ingress_internal_from_worker_udp": {
                    "type": "aws_security_group_rule",
                    "depends_on": [
                        "aws_security_group.master",
                        "aws_security_group.worker"
                    ],
                    "primary": {
                        "id": "sgrule-2826017130",
                        "attributes": {
                            "from_port": "9000",
                            "id": "sgrule-2826017130",
                            "protocol": "udp",
                            "security_group_id": "sg-0738eb86e0e0b2705",
                            "self": "false",
                            "source_security_group_id": "sg-019ddbcbe6737660c",
                            "to_port": "9999",
                            "type": "ingress"
                        },
                        "meta": {
                            "schema_version": "2"
                        },
                        "tainted": false
                    },
                    "deposed": [],
                    "provider": "provider.aws"
                },
                "aws_security_group_rule.master_ingress_internal_udp": {
                    "type": "aws_security_group_rule",
                    "depends_on": [
                        "aws_security_group.master"
                    ],
                    "primary": {
                        "id": "sgrule-4085723827",
                        "attributes": {
                            "from_port": "9000",
                            "id": "sgrule-4085723827",
                            "protocol": "udp",
                            "security_group_id": "sg-0738eb86e0e0b2705",
                            "self": "true",
                            "to_port": "9999",
                            "type": "ingress"
                        },
                        "meta": {
                            "schema_version": "2"
                        },
                        "tainted": false
                    },
                    "deposed": [],
                    "provider": "provider.aws"
                },
                "aws_security_group_rule.master_ingress_kube_controller_manager": {
                    "type": "aws_security_group_rule",
                    "depends_on": [
                        "aws_security_group.master"
                    ],
                    "primary": {
                        "id": "sgrule-3123858964",
                        "attributes": {
                            "from_port": "10257",
                            "id": "sgrule-3123858964",
                            "protocol": "tcp",
                            "security_group_id": "sg-0738eb86e0e0b2705",
                            "self": "true",
                            "to_port": "10257",
                            "type": "ingress"
                        },
                        "meta": {
                            "schema_version": "2"
                        },
                        "tainted": false
                    },
                    "deposed": [],
                    "provider": "provider.aws"
                },
                "aws_security_group_rule.master_ingress_kube_controller_manager_from_worker": {
                    "type": "aws_security_group_rule",
                    "depends_on": [
                        "aws_security_group.master",
                        "aws_security_group.worker"
                    ],
                    "primary": {
                        "id": "sgrule-3787777485",
                        "attributes": {
                            "from_port": "10257",
                            "id": "sgrule-3787777485",
                            "protocol": "tcp",
                            "security_group_id": "sg-0738eb86e0e0b2705",
                            "self": "false",
                            "source_security_group_id": "sg-019ddbcbe6737660c",
                            "to_port": "10257",
                            "type": "ingress"
                        },
                        "meta": {
                            "schema_version": "2"
                        },
                        "tainted": false
                    },
                    "deposed": [],
                    "provider": "provider.aws"
                },
                "aws_security_group_rule.master_ingress_kube_scheduler": {
                    "type": "aws_security_group_rule",
                    "depends_on": [
                        "aws_security_group.master"
                    ],
                    "primary": {
                        "id": "sgrule-2059283095",
                        "attributes": {
                            "from_port": "10259",
                            "id": "sgrule-2059283095",
                            "protocol": "tcp",
                            "security_group_id": "sg-0738eb86e0e0b2705",
                            "self": "true",
                            "to_port": "10259",
                            "type": "ingress"
                        },
                        "meta": {
                            "schema_version": "2"
                        },
                        "tainted": false
                    },
                    "deposed": [],
                    "provider": "provider.aws"
                },
                "aws_security_group_rule.master_ingress_kube_scheduler_from_worker": {
                    "type": "aws_security_group_rule",
                    "depends_on": [
                        "aws_security_group.master",
                        "aws_security_group.worker"
                    ],
                    "primary": {
                        "id": "sgrule-558399822",
                        "attributes": {
                            "from_port": "10259",
                            "id": "sgrule-558399822",
                            "protocol": "tcp",
                            "security_group_id": "sg-0738eb86e0e0b2705",
                            "self": "false",
                            "source_security_group_id": "sg-019ddbcbe6737660c",
                            "to_port": "10259",
                            "type": "ingress"
                        },
                        "meta": {
                            "schema_version": "2"
                        },
                        "tainted": false
                    },
                    "deposed": [],
                    "provider": "provider.aws"
                },
                "aws_security_group_rule.master_ingress_kubelet_secure": {
                    "type": "aws_security_group_rule",
                    "depends_on": [
                        "aws_security_group.master"
                    ],
                    "primary": {
                        "id": "sgrule-936181621",
                        "attributes": {
                            "from_port": "10250",
                            "id": "sgrule-936181621",
                            "protocol": "tcp",
                            "security_group_id": "sg-0738eb86e0e0b2705",
                            "self": "true",
                            "to_port": "10250",
                            "type": "ingress"
                        },
                        "meta": {
                            "schema_version": "2"
                        },
                        "tainted": false
                    },
                    "deposed": [],
                    "provider": "provider.aws"
                },
                "aws_security_group_rule.master_ingress_kubelet_secure_from_worker": {
                    "type": "aws_security_group_rule",
                    "depends_on": [
                        "aws_security_group.master",
                        "aws_security_group.worker"
                    ],
                    "primary": {
                        "id": "sgrule-1815762092",
                        "attributes": {
                            "from_port": "10250",
                            "id": "sgrule-1815762092",
                            "protocol": "tcp",
                            "security_group_id": "sg-0738eb86e0e0b2705",
                            "self": "false",
                            "source_security_group_id": "sg-019ddbcbe6737660c",
                            "to_port": "10250",
                            "type": "ingress"
                        },
                        "meta": {
                            "schema_version": "2"
                        },
                        "tainted": false
                    },
                    "deposed": [],
                    "provider": "provider.aws"
                },
                "aws_security_group_rule.master_ingress_services_tcp": {
                    "type": "aws_security_group_rule",
                    "depends_on": [
                        "aws_security_group.master"
                    ],
                    "primary": {
                        "id": "sgrule-3558980348",
                        "attributes": {
                            "from_port": "30000",
                            "id": "sgrule-3558980348",
                            "protocol": "tcp",
                            "security_group_id": "sg-0738eb86e0e0b2705",
                            "self": "true",
                            "to_port": "32767",
                            "type": "ingress"
                        },
                        "meta": {
                            "schema_version": "2"
                        },
                        "tainted": false
                    },
                    "deposed": [],
                    "provider": "provider.aws"
                },
                "aws_security_group_rule.master_ingress_services_udp": {
                    "type": "aws_security_group_rule",
                    "depends_on": [
                        "aws_security_group.master"
                    ],
                    "primary": {
                        "id": "sgrule-1887312147",
                        "attributes": {
                            "from_port": "30000",
                            "id": "sgrule-1887312147",
                            "protocol": "udp",
                            "security_group_id": "sg-0738eb86e0e0b2705",
                            "self": "true",
                            "to_port": "32767",
                            "type": "ingress"
                        },
                        "meta": {
                            "schema_version": "2"
                        },
                        "tainted": false
                    },
                    "deposed": [],
                    "provider": "provider.aws"
                },
                "aws_security_group_rule.master_ingress_ssh": {
                    "type": "aws_security_group_rule",
                    "depends_on": [
                        "aws_security_group.master",
                        "data.aws_vpc.cluster_vpc"
                    ],
                    "primary": {
                        "id": "sgrule-2710077859",
                        "attributes": {
                            "cidr_blocks.#": "1",
                            "cidr_blocks.0": "10.0.0.0/16",
                            "from_port": "22",
                            "id": "sgrule-2710077859",
                            "protocol": "tcp",
                            "security_group_id": "sg-0738eb86e0e0b2705",
                            "self": "false",
                            "to_port": "22",
                            "type": "ingress"
                        },
                        "meta": {
                            "schema_version": "2"
                        },
                        "tainted": false
                    },
                    "deposed": [],
                    "provider": "provider.aws"
                },
                "aws_security_group_rule.master_ingress_vxlan": {
                    "type": "aws_security_group_rule",
                    "depends_on": [
                        "aws_security_group.master"
                    ],
                    "primary": {
                        "id": "sgrule-596068658",
                        "attributes": {
                            "from_port": "4789",
                            "id": "sgrule-596068658",
                            "protocol": "udp",
                            "security_group_id": "sg-0738eb86e0e0b2705",
                            "self": "true",
                            "to_port": "4789",
                            "type": "ingress"
                        },
                        "meta": {
                            "schema_version": "2"
                        },
                        "tainted": false
                    },
                    "deposed": [],
                    "provider": "provider.aws"
                },
                "aws_security_group_rule.master_ingress_vxlan_from_worker": {
                    "type": "aws_security_group_rule",
                    "depends_on": [
                        "aws_security_group.master",
                        "aws_security_group.worker"
                    ],
                    "primary": {
                        "id": "sgrule-2020729579",
                        "attributes": {
                            "from_port": "4789",
                            "id": "sgrule-2020729579",
                            "protocol": "udp",
                            "security_group_id": "sg-0738eb86e0e0b2705",
                            "self": "false",
                            "source_security_group_id": "sg-019ddbcbe6737660c",
                            "to_port": "4789",
                            "type": "ingress"
                        },
                        "meta": {
                            "schema_version": "2"
                        },
                        "tainted": false
                    },
                    "deposed": [],
                    "provider": "provider.aws"
                },
                "aws_security_group_rule.master_mcs": {
                    "type": "aws_security_group_rule",
                    "depends_on": [
                        "aws_security_group.master",
                        "data.aws_vpc.cluster_vpc"
                    ],
                    "primary": {
                        "id": "sgrule-2271632289",
                        "attributes": {
                            "cidr_blocks.#": "1",
                            "cidr_blocks.0": "10.0.0.0/16",
                            "from_port": "22623",
                            "id": "sgrule-2271632289",
                            "protocol": "tcp",
                            "security_group_id": "sg-0738eb86e0e0b2705",
                            "self": "false",
                            "to_port": "22623",
                            "type": "ingress"
                        },
                        "meta": {
                            "schema_version": "2"
                        },
                        "tainted": false
                    },
                    "deposed": [],
                    "provider": "provider.aws"
                },
                "aws_security_group_rule.worker_egress": {
                    "type": "aws_security_group_rule",
                    "depends_on": [
                        "aws_security_group.worker"
                    ],
                    "primary": {
                        "id": "sgrule-3920916017",
                        "attributes": {
                            "cidr_blocks.#": "1",
                            "cidr_blocks.0": "0.0.0.0/0",
                            "from_port": "0",
                            "id": "sgrule-3920916017",
                            "protocol": "-1",
                            "security_group_id": "sg-019ddbcbe6737660c",
                            "self": "false",
                            "to_port": "0",
                            "type": "egress"
                        },
                        "meta": {
                            "schema_version": "2"
                        },
                        "tainted": false
                    },
                    "deposed": [],
                    "provider": "provider.aws"
                },
                "aws_security_group_rule.worker_ingress_icmp": {
                    "type": "aws_security_group_rule",
                    "depends_on": [
                        "aws_security_group.worker",
                        "data.aws_vpc.cluster_vpc"
                    ],
                    "primary": {
                        "id": "sgrule-1702439607",
                        "attributes": {
                            "cidr_blocks.#": "1",
                            "cidr_blocks.0": "10.0.0.0/16",
                            "from_port": "-1",
                            "id": "sgrule-1702439607",
                            "protocol": "icmp",
                            "security_group_id": "sg-019ddbcbe6737660c",
                            "self": "false",
                            "to_port": "-1",
                            "type": "ingress"
                        },
                        "meta": {
                            "schema_version": "2"
                        },
                        "tainted": false
                    },
                    "deposed": [],
                    "provider": "provider.aws"
                },
                "aws_security_group_rule.worker_ingress_internal": {
                    "type": "aws_security_group_rule",
                    "depends_on": [
                        "aws_security_group.worker"
                    ],
                    "primary": {
                        "id": "sgrule-2520068523",
                        "attributes": {
                            "from_port": "9000",
                            "id": "sgrule-2520068523",
                            "protocol": "tcp",
                            "security_group_id": "sg-019ddbcbe6737660c",
                            "self": "true",
                            "to_port": "9999",
                            "type": "ingress"
                        },
                        "meta": {
                            "schema_version": "2"
                        },
                        "tainted": false
                    },
                    "deposed": [],
                    "provider": "provider.aws"
                },
                "aws_security_group_rule.worker_ingress_internal_from_master": {
                    "type": "aws_security_group_rule",
                    "depends_on": [
                        "aws_security_group.master",
                        "aws_security_group.worker"
                    ],
                    "primary": {
                        "id": "sgrule-3452148338",
                        "attributes": {
                            "from_port": "9000",
                            "id": "sgrule-3452148338",
                            "protocol": "tcp",
                            "security_group_id": "sg-019ddbcbe6737660c",
                            "self": "false",
                            "source_security_group_id": "sg-0738eb86e0e0b2705",
                            "to_port": "9999",
                            "type": "ingress"
                        },
                        "meta": {
                            "schema_version": "2"
                        },
                        "tainted": false
                    },
                    "deposed": [],
                    "provider": "provider.aws"
                },
                "aws_security_group_rule.worker_ingress_internal_from_master_udp": {
                    "type": "aws_security_group_rule",
                    "depends_on": [
                        "aws_security_group.master",
                        "aws_security_group.worker"
                    ],
                    "primary": {
                        "id": "sgrule-1771846045",
                        "attributes": {
                            "from_port": "9000",
                            "id": "sgrule-1771846045",
                            "protocol": "udp",
                            "security_group_id": "sg-019ddbcbe6737660c",
                            "self": "false",
                            "source_security_group_id": "sg-0738eb86e0e0b2705",
                            "to_port": "9999",
                            "type": "ingress"
                        },
                        "meta": {
                            "schema_version": "2"
                        },
                        "tainted": false
                    },
                    "deposed": [],
                    "provider": "provider.aws"
                },
                "aws_security_group_rule.worker_ingress_internal_udp": {
                    "type": "aws_security_group_rule",
                    "depends_on": [
                        "aws_security_group.worker"
                    ],
                    "primary": {
                        "id": "sgrule-845845060",
                        "attributes": {
                            "from_port": "9000",
                            "id": "sgrule-845845060",
                            "protocol": "udp",
                            "security_group_id": "sg-019ddbcbe6737660c",
                            "self": "true",
                            "to_port": "9999",
                            "type": "ingress"
                        },
                        "meta": {
                            "schema_version": "2"
                        },
                        "tainted": false
                    },
                    "deposed": [],
                    "provider": "provider.aws"
                },
                "aws_security_group_rule.worker_ingress_kubelet_insecure": {
                    "type": "aws_security_group_rule",
                    "depends_on": [
                        "aws_security_group.worker"
                    ],
                    "primary": {
                        "id": "sgrule-4042202643",
                        "attributes": {
                            "from_port": "10250",
                            "id": "sgrule-4042202643",
                            "protocol": "tcp",
                            "security_group_id": "sg-019ddbcbe6737660c",
                            "self": "true",
                            "to_port": "10250",
                            "type": "ingress"
                        },
                        "meta": {
                            "schema_version": "2"
                        },
                        "tainted": false
                    },
                    "deposed": [],
                    "provider": "provider.aws"
                },
                "aws_security_group_rule.worker_ingress_kubelet_insecure_from_master": {
                    "type": "aws_security_group_rule",
                    "depends_on": [
                        "aws_security_group.master",
                        "aws_security_group.worker"
                    ],
                    "primary": {
                        "id": "sgrule-2870588874",
                        "attributes": {
                            "from_port": "10250",
                            "id": "sgrule-2870588874",
                            "protocol": "tcp",
                            "security_group_id": "sg-019ddbcbe6737660c",
                            "self": "false",
                            "source_security_group_id": "sg-0738eb86e0e0b2705",
                            "to_port": "10250",
                            "type": "ingress"
                        },
                        "meta": {
                            "schema_version": "2"
                        },
                        "tainted": false
                    },
                    "deposed": [],
                    "provider": "provider.aws"
                },
                "aws_security_group_rule.worker_ingress_services_tcp": {
                    "type": "aws_security_group_rule",
                    "depends_on": [
                        "aws_security_group.worker"
                    ],
                    "primary": {
                        "id": "sgrule-318921626",
                        "attributes": {
                            "from_port": "30000",
                            "id": "sgrule-318921626",
                            "protocol": "tcp",
                            "security_group_id": "sg-019ddbcbe6737660c",
                            "self": "true",
                            "to_port": "32767",
                            "type": "ingress"
                        },
                        "meta": {
                            "schema_version": "2"
                        },
                        "tainted": false
                    },
                    "deposed": [],
                    "provider": "provider.aws"
                },
                "aws_security_group_rule.worker_ingress_services_udp": {
                    "type": "aws_security_group_rule",
                    "depends_on": [
                        "aws_security_group.worker"
                    ],
                    "primary": {
                        "id": "sgrule-3076388981",
                        "attributes": {
                            "from_port": "30000",
                            "id": "sgrule-3076388981",
                            "protocol": "udp",
                            "security_group_id": "sg-019ddbcbe6737660c",
                            "self": "true",
                            "to_port": "32767",
                            "type": "ingress"
                        },
                        "meta": {
                            "schema_version": "2"
                        },
                        "tainted": false
                    },
                    "deposed": [],
                    "provider": "provider.aws"
                },
                "aws_security_group_rule.worker_ingress_ssh": {
                    "type": "aws_security_group_rule",
                    "depends_on": [
                        "aws_security_group.worker",
                        "data.aws_vpc.cluster_vpc"
                    ],
                    "primary": {
                        "id": "sgrule-970929903",
                        "attributes": {
                            "cidr_blocks.#": "1",
                            "cidr_blocks.0": "10.0.0.0/16",
                            "from_port": "22",
                            "id": "sgrule-970929903",
                            "protocol": "tcp",
                            "security_group_id": "sg-019ddbcbe6737660c",
                            "self": "false",
                            "to_port": "22",
                            "type": "ingress"
                        },
                        "meta": {
                            "schema_version": "2"
                        },
                        "tainted": false
                    },
                    "deposed": [],
                    "provider": "provider.aws"
                },
                "aws_security_group_rule.worker_ingress_vxlan": {
                    "type": "aws_security_group_rule",
                    "depends_on": [
                        "aws_security_group.worker"
                    ],
                    "primary": {
                        "id": "sgrule-3798657477",
                        "attributes": {
                            "from_port": "4789",
                            "id": "sgrule-3798657477",
                            "protocol": "udp",
                            "security_group_id": "sg-019ddbcbe6737660c",
                            "self": "true",
                            "to_port": "4789",
                            "type": "ingress"
                        },
                        "meta": {
                            "schema_version": "2"
                        },
                        "tainted": false
                    },
                    "deposed": [],
                    "provider": "provider.aws"
                },
                "aws_security_group_rule.worker_ingress_vxlan_from_master": {
                    "type": "aws_security_group_rule",
                    "depends_on": [
                        "aws_security_group.master",
                        "aws_security_group.worker"
                    ],
                    "primary": {
                        "id": "sgrule-3114025500",
                        "attributes": {
                            "from_port": "4789",
                            "id": "sgrule-3114025500",
                            "protocol": "udp",
                            "security_group_id": "sg-019ddbcbe6737660c",
                            "self": "false",
                            "source_security_group_id": "sg-0738eb86e0e0b2705",
                            "to_port": "4789",
                            "type": "ingress"
                        },
                        "meta": {
                            "schema_version": "2"
                        },
                        "tainted": false
                    },
                    "deposed": [],
                    "provider": "provider.aws"
                },
                "aws_subnet.private_subnet.0": {
                    "type": "aws_subnet",
                    "depends_on": [
                        "data.aws_vpc.cluster_vpc",
                        "local.new_az_count",
                        "local.new_private_cidr_range"
                    ],
                    "primary": {
                        "id": "subnet-0383dfe61b3bc1505",
                        "attributes": {
                            "arn": "arn:aws:ec2:eu-central-1:647924298166:subnet/subnet-0383dfe61b3bc1505",
                            "assign_ipv6_address_on_creation": "false",
                            "availability_zone": "eu-central-1a",
                            "availability_zone_id": "euc1-az2",
                            "cidr_block": "10.0.128.0/20",
                            "id": "subnet-0383dfe61b3bc1505",
                            "ipv6_cidr_block": "",
                            "ipv6_cidr_block_association_id": "",
                            "map_public_ip_on_launch": "false",
                            "owner_id": "647924298166",
                            "tags.%": "3",
                            "tags.Name": "cluster-343f-8fjkj-private-eu-central-1a",
                            "tags.kubernetes.io/cluster/cluster-343f-8fjkj": "owned",
                            "tags.kubernetes.io/role/internal-elb": "",
                            "vpc_id": "vpc-023f25ad0dd88d046"
                        },
                        "meta": {
                            "e2bfb730-ecaa-11e6-8f88-34363bc7c4c0": {
                                "create": 600000000000,
                                "delete": 600000000000
                            },
                            "schema_version": "1"
                        },
                        "tainted": false
                    },
                    "deposed": [],
                    "provider": "provider.aws"
                },
                "aws_subnet.private_subnet.1": {
                    "type": "aws_subnet",
                    "depends_on": [
                        "data.aws_vpc.cluster_vpc",
                        "local.new_az_count",
                        "local.new_private_cidr_range"
                    ],
                    "primary": {
                        "id": "subnet-045e1076b27031740",
                        "attributes": {
                            "arn": "arn:aws:ec2:eu-central-1:647924298166:subnet/subnet-045e1076b27031740",
                            "assign_ipv6_address_on_creation": "false",
                            "availability_zone": "eu-central-1b",
                            "availability_zone_id": "euc1-az3",
                            "cidr_block": "10.0.144.0/20",
                            "id": "subnet-045e1076b27031740",
                            "ipv6_cidr_block": "",
                            "ipv6_cidr_block_association_id": "",
                            "map_public_ip_on_launch": "false",
                            "owner_id": "647924298166",
                            "tags.%": "3",
                            "tags.Name": "cluster-343f-8fjkj-private-eu-central-1b",
                            "tags.kubernetes.io/cluster/cluster-343f-8fjkj": "owned",
                            "tags.kubernetes.io/role/internal-elb": "",
                            "vpc_id": "vpc-023f25ad0dd88d046"
                        },
                        "meta": {
                            "e2bfb730-ecaa-11e6-8f88-34363bc7c4c0": {
                                "create": 600000000000,
                                "delete": 600000000000
                            },
                            "schema_version": "1"
                        },
                        "tainted": false
                    },
                    "deposed": [],
                    "provider": "provider.aws"
                },
                "aws_subnet.private_subnet.2": {
                    "type": "aws_subnet",
                    "depends_on": [
                        "data.aws_vpc.cluster_vpc",
                        "local.new_az_count",
                        "local.new_private_cidr_range"
                    ],
                    "primary": {
                        "id": "subnet-01a5515975c49918d",
                        "attributes": {
                            "arn": "arn:aws:ec2:eu-central-1:647924298166:subnet/subnet-01a5515975c49918d",
                            "assign_ipv6_address_on_creation": "false",
                            "availability_zone": "eu-central-1c",
                            "availability_zone_id": "euc1-az1",
                            "cidr_block": "10.0.160.0/20",
                            "id": "subnet-01a5515975c49918d",
                            "ipv6_cidr_block": "",
                            "ipv6_cidr_block_association_id": "",
                            "map_public_ip_on_launch": "false",
                            "owner_id": "647924298166",
                            "tags.%": "3",
                            "tags.Name": "cluster-343f-8fjkj-private-eu-central-1c",
                            "tags.kubernetes.io/cluster/cluster-343f-8fjkj": "owned",
                            "tags.kubernetes.io/role/internal-elb": "",
                            "vpc_id": "vpc-023f25ad0dd88d046"
                        },
                        "meta": {
                            "e2bfb730-ecaa-11e6-8f88-34363bc7c4c0": {
                                "create": 600000000000,
                                "delete": 600000000000
                            },
                            "schema_version": "1"
                        },
                        "tainted": false
                    },
                    "deposed": [],
                    "provider": "provider.aws"
                },
                "aws_subnet.public_subnet.0": {
                    "type": "aws_subnet",
                    "depends_on": [
                        "data.aws_vpc.cluster_vpc",
                        "local.new_az_count",
                        "local.new_public_cidr_range"
                    ],
                    "primary": {
                        "id": "subnet-0c3b7643b1b5ed957",
                        "attributes": {
                            "arn": "arn:aws:ec2:eu-central-1:647924298166:subnet/subnet-0c3b7643b1b5ed957",
                            "assign_ipv6_address_on_creation": "false",
                            "availability_zone": "eu-central-1a",
                            "availability_zone_id": "euc1-az2",
                            "cidr_block": "10.0.0.0/20",
                            "id": "subnet-0c3b7643b1b5ed957",
                            "ipv6_cidr_block": "",
                            "ipv6_cidr_block_association_id": "",
                            "map_public_ip_on_launch": "false",
                            "owner_id": "647924298166",
                            "tags.%": "2",
                            "tags.Name": "cluster-343f-8fjkj-public-eu-central-1a",
                            "tags.kubernetes.io/cluster/cluster-343f-8fjkj": "owned",
                            "vpc_id": "vpc-023f25ad0dd88d046"
                        },
                        "meta": {
                            "e2bfb730-ecaa-11e6-8f88-34363bc7c4c0": {
                                "create": 600000000000,
                                "delete": 600000000000
                            },
                            "schema_version": "1"
                        },
                        "tainted": false
                    },
                    "deposed": [],
                    "provider": "provider.aws"
                },
                "aws_subnet.public_subnet.1": {
                    "type": "aws_subnet",
                    "depends_on": [
                        "data.aws_vpc.cluster_vpc",
                        "local.new_az_count",
                        "local.new_public_cidr_range"
                    ],
                    "primary": {
                        "id": "subnet-0e399063aad288753",
                        "attributes": {
                            "arn": "arn:aws:ec2:eu-central-1:647924298166:subnet/subnet-0e399063aad288753",
                            "assign_ipv6_address_on_creation": "false",
                            "availability_zone": "eu-central-1b",
                            "availability_zone_id": "euc1-az3",
                            "cidr_block": "10.0.16.0/20",
                            "id": "subnet-0e399063aad288753",
                            "ipv6_cidr_block": "",
                            "ipv6_cidr_block_association_id": "",
                            "map_public_ip_on_launch": "false",
                            "owner_id": "647924298166",
                            "tags.%": "2",
                            "tags.Name": "cluster-343f-8fjkj-public-eu-central-1b",
                            "tags.kubernetes.io/cluster/cluster-343f-8fjkj": "owned",
                            "vpc_id": "vpc-023f25ad0dd88d046"
                        },
                        "meta": {
                            "e2bfb730-ecaa-11e6-8f88-34363bc7c4c0": {
                                "create": 600000000000,
                                "delete": 600000000000
                            },
                            "schema_version": "1"
                        },
                        "tainted": false
                    },
                    "deposed": [],
                    "provider": "provider.aws"
                },
                "aws_subnet.public_subnet.2": {
                    "type": "aws_subnet",
                    "depends_on": [
                        "data.aws_vpc.cluster_vpc",
                        "local.new_az_count",
                        "local.new_public_cidr_range"
                    ],
                    "primary": {
                        "id": "subnet-02e01ebfefe1373c2",
                        "attributes": {
                            "arn": "arn:aws:ec2:eu-central-1:647924298166:subnet/subnet-02e01ebfefe1373c2",
                            "assign_ipv6_address_on_creation": "false",
                            "availability_zone": "eu-central-1c",
                            "availability_zone_id": "euc1-az1",
                            "cidr_block": "10.0.32.0/20",
                            "id": "subnet-02e01ebfefe1373c2",
                            "ipv6_cidr_block": "",
                            "ipv6_cidr_block_association_id": "",
                            "map_public_ip_on_launch": "false",
                            "owner_id": "647924298166",
                            "tags.%": "2",
                            "tags.Name": "cluster-343f-8fjkj-public-eu-central-1c",
                            "tags.kubernetes.io/cluster/cluster-343f-8fjkj": "owned",
                            "vpc_id": "vpc-023f25ad0dd88d046"
                        },
                        "meta": {
                            "e2bfb730-ecaa-11e6-8f88-34363bc7c4c0": {
                                "create": 600000000000,
                                "delete": 600000000000
                            },
                            "schema_version": "1"
                        },
                        "tainted": false
                    },
                    "deposed": [],
                    "provider": "provider.aws"
                },
                "aws_vpc.new_vpc": {
                    "type": "aws_vpc",
                    "depends_on": [],
                    "primary": {
                        "id": "vpc-023f25ad0dd88d046",
                        "attributes": {
                            "arn": "arn:aws:ec2:eu-central-1:647924298166:vpc/vpc-023f25ad0dd88d046",
                            "assign_generated_ipv6_cidr_block": "false",
                            "cidr_block": "10.0.0.0/16",
                            "default_network_acl_id": "acl-0f3fdc5cf26559159",
                            "default_route_table_id": "rtb-01277568b5809ac58",
                            "default_security_group_id": "sg-05e3d7646b338d609",
                            "dhcp_options_id": "dopt-0a8bf42dbda8c57a9",
                            "enable_dns_hostnames": "true",
                            "enable_dns_support": "true",
                            "id": "vpc-023f25ad0dd88d046",
                            "instance_tenancy": "default",
                            "ipv6_association_id": "",
                            "ipv6_cidr_block": "",
                            "main_route_table_id": "rtb-01277568b5809ac58",
                            "owner_id": "647924298166",
                            "tags.%": "2",
                            "tags.Name": "cluster-343f-8fjkj-vpc",
                            "tags.kubernetes.io/cluster/cluster-343f-8fjkj": "owned"
                        },
                        "meta": {
                            "schema_version": "1"
                        },
                        "tainted": false
                    },
                    "deposed": [],
                    "provider": "provider.aws"
                },
                "aws_vpc_dhcp_options.main": {
                    "type": "aws_vpc_dhcp_options",
                    "depends_on": [],
                    "primary": {
                        "id": "dopt-0a8bf42dbda8c57a9",
                        "attributes": {
                            "domain_name": "eu-central-1.compute.internal",
                            "domain_name_servers.#": "1",
                            "domain_name_servers.0": "AmazonProvidedDNS",
                            "id": "dopt-0a8bf42dbda8c57a9",
                            "owner_id": "647924298166",
                            "tags.%": "1",
                            "tags.kubernetes.io/cluster/cluster-343f-8fjkj": "owned"
                        },
                        "meta": {},
                        "tainted": false
                    },
                    "deposed": [],
                    "provider": "provider.aws"
                },
                "aws_vpc_dhcp_options_association.main": {
                    "type": "aws_vpc_dhcp_options_association",
                    "depends_on": [
                        "aws_vpc.new_vpc",
                        "aws_vpc_dhcp_options.main"
                    ],
                    "primary": {
                        "id": "dopt-0a8bf42dbda8c57a9-vpc-023f25ad0dd88d046",
                        "attributes": {
                            "dhcp_options_id": "dopt-0a8bf42dbda8c57a9",
                            "id": "dopt-0a8bf42dbda8c57a9-vpc-023f25ad0dd88d046",
                            "vpc_id": "vpc-023f25ad0dd88d046"
                        },
                        "meta": {},
                        "tainted": false
                    },
                    "deposed": [],
                    "provider": "provider.aws"
                },
                "aws_vpc_endpoint.s3": {
                    "type": "aws_vpc_endpoint",
                    "depends_on": [
                        "aws_route_table.default.*",
                        "aws_route_table.private_routes.*",
                        "aws_vpc.new_vpc"
                    ],
                    "primary": {
                        "id": "vpce-04266a275d3b4da15",
                        "attributes": {
                            "cidr_blocks.#": "3",
                            "cidr_blocks.0": "52.219.44.0/22",
                            "cidr_blocks.1": "54.231.192.0/20",
                            "cidr_blocks.2": "52.219.72.0/22",
                            "dns_entry.#": "0",
                            "id": "vpce-04266a275d3b4da15",
                            "network_interface_ids.#": "0",
                            "policy": "{\"Statement\":[{\"Action\":\"*\",\"Effect\":\"Allow\",\"Principal\":\"*\",\"Resource\":\"*\"}],\"Version\":\"2008-10-17\"}",
                            "prefix_list_id": "pl-6ea54007",
                            "private_dns_enabled": "false",
                            "route_table_ids.#": "4",
                            "route_table_ids.1505303352": "rtb-0ced5cf9951686393",
                            "route_table_ids.3981661487": "rtb-08e317338bbf037f1",
                            "route_table_ids.4084453398": "rtb-01277568b5809ac58",
                            "route_table_ids.793980203": "rtb-0b2b1960a73328eb6",
                            "security_group_ids.#": "0",
                            "service_name": "com.amazonaws.eu-central-1.s3",
                            "state": "available",
                            "subnet_ids.#": "0",
                            "vpc_endpoint_type": "Gateway",
                            "vpc_id": "vpc-023f25ad0dd88d046"
                        },
                        "meta": {
                            "e2bfb730-ecaa-11e6-8f88-34363bc7c4c0": {
                                "create": 600000000000,
                                "delete": 600000000000,
                                "update": 600000000000
                            }
                        },
                        "tainted": false
                    },
                    "deposed": [],
                    "provider": "provider.aws"
                },
                "data.aws_vpc.cluster_vpc": {
                    "type": "aws_vpc",
                    "depends_on": [
                        "local.vpc_id"
                    ],
                    "primary": {
                        "id": "vpc-023f25ad0dd88d046",
                        "attributes": {
                            "arn": "arn:aws:ec2:eu-central-1:647924298166:vpc/vpc-023f25ad0dd88d046",
                            "cidr_block": "10.0.0.0/16",
                            "cidr_block_associations.#": "1",
                            "cidr_block_associations.0.association_id": "vpc-cidr-assoc-05e890701736d762d",
                            "cidr_block_associations.0.cidr_block": "10.0.0.0/16",
                            "cidr_block_associations.0.state": "associated",
                            "default": "false",
                            "dhcp_options_id": "dopt-0a8bf42dbda8c57a9",
                            "enable_dns_hostnames": "true",
                            "enable_dns_support": "true",
                            "id": "vpc-023f25ad0dd88d046",
                            "instance_tenancy": "default",
                            "main_route_table_id": "rtb-01277568b5809ac58",
                            "owner_id": "647924298166",
                            "state": "available",
                            "tags.%": "2",
                            "tags.Name": "cluster-343f-8fjkj-vpc",
                            "tags.kubernetes.io/cluster/cluster-343f-8fjkj": "owned"
                        },
                        "meta": {},
                        "tainted": false
                    },
                    "deposed": [],
                    "provider": "provider.aws"
                }
            },
            "depends_on": []
        }
    ]
}
